{
  "version": 4,
  "terraform_version": "1.9.6",
  "serial": 454,
  "lineage": "4a5e3942-71ec-2252-655d-742cdea703a6",
  "outputs": {
    "cluster_name": {
      "value": "dev-cluster",
      "type": "string"
    },
    "network_name": {
      "value": "my-vpc",
      "type": "string"
    },
    "sql_instance_names": {
      "value": {
        "my-instance": "my-instance"
      },
      "type": [
        "object",
        {
          "my-instance": "string"
        }
      ]
    }
  },
  "resources": [
    {
      "module": "module.enable_apis",
      "mode": "managed",
      "type": "google_project_service",
      "name": "compute_api",
      "provider": "provider[\"registry.terraform.io/hashicorp/google\"]",
      "instances": [
        {
          "schema_version": 0,
          "attributes": {
            "disable_dependent_services": true,
            "disable_on_destroy": true,
            "id": "dspl-24-poc/compute.googleapis.com",
            "project": "dspl-24-poc",
            "service": "compute.googleapis.com",
            "timeouts": null
          },
          "sensitive_attributes": [],
          "private": "eyJlMmJmYjczMC1lY2FhLTExZTYtOGY4OC0zNDM2M2JjN2M0YzAiOnsiY3JlYXRlIjoxMjAwMDAwMDAwMDAwLCJkZWxldGUiOjEyMDAwMDAwMDAwMDAsInJlYWQiOjYwMDAwMDAwMDAwMCwidXBkYXRlIjoxMjAwMDAwMDAwMDAwfX0="
        }
      ]
    },
    {
      "module": "module.enable_apis",
      "mode": "managed",
      "type": "google_project_service",
      "name": "container_api",
      "provider": "provider[\"registry.terraform.io/hashicorp/google\"]",
      "instances": [
        {
          "schema_version": 0,
          "attributes": {
            "disable_dependent_services": null,
            "disable_on_destroy": true,
            "id": "dspl-24-poc/container.googleapis.com",
            "project": "dspl-24-poc",
            "service": "container.googleapis.com",
            "timeouts": null
          },
          "sensitive_attributes": [],
          "private": "eyJlMmJmYjczMC1lY2FhLTExZTYtOGY4OC0zNDM2M2JjN2M0YzAiOnsiY3JlYXRlIjoxMjAwMDAwMDAwMDAwLCJkZWxldGUiOjEyMDAwMDAwMDAwMDAsInJlYWQiOjYwMDAwMDAwMDAwMCwidXBkYXRlIjoxMjAwMDAwMDAwMDAwfX0="
        }
      ]
    },
    {
      "module": "module.enable_apis",
      "mode": "managed",
      "type": "google_project_service",
      "name": "enabled_apis",
      "provider": "provider[\"registry.terraform.io/hashicorp/google\"]",
      "instances": [
        {
          "index_key": "cloudresourcemanager.googleapis.com",
          "schema_version": 0,
          "attributes": {
            "disable_dependent_services": null,
            "disable_on_destroy": true,
            "id": "dspl-24-poc/cloudresourcemanager.googleapis.com",
            "project": "dspl-24-poc",
            "service": "cloudresourcemanager.googleapis.com",
            "timeouts": null
          },
          "sensitive_attributes": [],
          "private": "eyJlMmJmYjczMC1lY2FhLTExZTYtOGY4OC0zNDM2M2JjN2M0YzAiOnsiY3JlYXRlIjoxMjAwMDAwMDAwMDAwLCJkZWxldGUiOjEyMDAwMDAwMDAwMDAsInJlYWQiOjYwMDAwMDAwMDAwMCwidXBkYXRlIjoxMjAwMDAwMDAwMDAwfX0="
        },
        {
          "index_key": "compute.googleapis.com",
          "schema_version": 0,
          "attributes": {
            "disable_dependent_services": null,
            "disable_on_destroy": true,
            "id": "dspl-24-poc/compute.googleapis.com",
            "project": "dspl-24-poc",
            "service": "compute.googleapis.com",
            "timeouts": null
          },
          "sensitive_attributes": [],
          "private": "eyJlMmJmYjczMC1lY2FhLTExZTYtOGY4OC0zNDM2M2JjN2M0YzAiOnsiY3JlYXRlIjoxMjAwMDAwMDAwMDAwLCJkZWxldGUiOjEyMDAwMDAwMDAwMDAsInJlYWQiOjYwMDAwMDAwMDAwMCwidXBkYXRlIjoxMjAwMDAwMDAwMDAwfX0="
        },
        {
          "index_key": "container.googleapis.com",
          "schema_version": 0,
          "attributes": {
            "disable_dependent_services": null,
            "disable_on_destroy": true,
            "id": "dspl-24-poc/container.googleapis.com",
            "project": "dspl-24-poc",
            "service": "container.googleapis.com",
            "timeouts": null
          },
          "sensitive_attributes": [],
          "private": "eyJlMmJmYjczMC1lY2FhLTExZTYtOGY4OC0zNDM2M2JjN2M0YzAiOnsiY3JlYXRlIjoxMjAwMDAwMDAwMDAwLCJkZWxldGUiOjEyMDAwMDAwMDAwMDAsInJlYWQiOjYwMDAwMDAwMDAwMCwidXBkYXRlIjoxMjAwMDAwMDAwMDAwfX0="
        },
        {
          "index_key": "iam.googleapis.com",
          "schema_version": 0,
          "attributes": {
            "disable_dependent_services": null,
            "disable_on_destroy": true,
            "id": "dspl-24-poc/iam.googleapis.com",
            "project": "dspl-24-poc",
            "service": "iam.googleapis.com",
            "timeouts": null
          },
          "sensitive_attributes": [],
          "private": "eyJlMmJmYjczMC1lY2FhLTExZTYtOGY4OC0zNDM2M2JjN2M0YzAiOnsiY3JlYXRlIjoxMjAwMDAwMDAwMDAwLCJkZWxldGUiOjEyMDAwMDAwMDAwMDAsInJlYWQiOjYwMDAwMDAwMDAwMCwidXBkYXRlIjoxMjAwMDAwMDAwMDAwfX0="
        },
        {
          "index_key": "servicenetworking.googleapis.com",
          "schema_version": 0,
          "attributes": {
            "disable_dependent_services": null,
            "disable_on_destroy": true,
            "id": "dspl-24-poc/servicenetworking.googleapis.com",
            "project": "dspl-24-poc",
            "service": "servicenetworking.googleapis.com",
            "timeouts": null
          },
          "sensitive_attributes": [],
          "private": "eyJlMmJmYjczMC1lY2FhLTExZTYtOGY4OC0zNDM2M2JjN2M0YzAiOnsiY3JlYXRlIjoxMjAwMDAwMDAwMDAwLCJkZWxldGUiOjEyMDAwMDAwMDAwMDAsInJlYWQiOjYwMDAwMDAwMDAwMCwidXBkYXRlIjoxMjAwMDAwMDAwMDAwfX0="
        },
        {
          "index_key": "sqladmin.googleapis.com",
          "schema_version": 0,
          "attributes": {
            "disable_dependent_services": null,
            "disable_on_destroy": true,
            "id": "dspl-24-poc/sqladmin.googleapis.com",
            "project": "dspl-24-poc",
            "service": "sqladmin.googleapis.com",
            "timeouts": null
          },
          "sensitive_attributes": [],
          "private": "eyJlMmJmYjczMC1lY2FhLTExZTYtOGY4OC0zNDM2M2JjN2M0YzAiOnsiY3JlYXRlIjoxMjAwMDAwMDAwMDAwLCJkZWxldGUiOjEyMDAwMDAwMDAwMDAsInJlYWQiOjYwMDAwMDAwMDAwMCwidXBkYXRlIjoxMjAwMDAwMDAwMDAwfX0="
        }
      ]
    },
    {
      "module": "module.gke",
      "mode": "managed",
      "type": "google_project_iam_member",
      "name": "gke_sa_roles",
      "provider": "provider[\"registry.terraform.io/hashicorp/google\"]",
      "instances": [
        {
          "index_key": "roles/compute.networkUser",
          "schema_version": 0,
          "attributes": {
            "condition": [],
            "etag": "BwYqT6YeAD4=",
            "id": "dspl-24-poc/roles/compute.networkUser/serviceAccount:dev-cluster-sa@dspl-24-poc.iam.gserviceaccount.com",
            "member": "serviceAccount:dev-cluster-sa@dspl-24-poc.iam.gserviceaccount.com",
            "project": "dspl-24-poc",
            "role": "roles/compute.networkUser"
          },
          "sensitive_attributes": [],
          "private": "bnVsbA==",
          "dependencies": [
            "module.gke.google_service_account.gke_sa",
            "module.service-accounts.google_project_iam_member.backend_sa_cloudsql",
            "module.service-accounts.google_project_iam_member.gke_sa_roles",
            "module.service-accounts.google_service_account.backend_sa",
            "module.service-accounts.google_service_account.gke_sa",
            "module.service-accounts.google_service_account_iam_binding.workload_identity_binding"
          ]
        },
        {
          "index_key": "roles/container.nodeServiceAccount",
          "schema_version": 0,
          "attributes": {
            "condition": [],
            "etag": "BwYqT6YeAD4=",
            "id": "dspl-24-poc/roles/container.nodeServiceAccount/serviceAccount:dev-cluster-sa@dspl-24-poc.iam.gserviceaccount.com",
            "member": "serviceAccount:dev-cluster-sa@dspl-24-poc.iam.gserviceaccount.com",
            "project": "dspl-24-poc",
            "role": "roles/container.nodeServiceAccount"
          },
          "sensitive_attributes": [],
          "private": "bnVsbA==",
          "dependencies": [
            "module.gke.google_service_account.gke_sa",
            "module.service-accounts.google_project_iam_member.backend_sa_cloudsql",
            "module.service-accounts.google_project_iam_member.gke_sa_roles",
            "module.service-accounts.google_service_account.backend_sa",
            "module.service-accounts.google_service_account.gke_sa",
            "module.service-accounts.google_service_account_iam_binding.workload_identity_binding"
          ]
        },
        {
          "index_key": "roles/logging.logWriter",
          "schema_version": 0,
          "attributes": {
            "condition": [],
            "etag": "BwYqT6YeAD4=",
            "id": "dspl-24-poc/roles/logging.logWriter/serviceAccount:dev-cluster-sa@dspl-24-poc.iam.gserviceaccount.com",
            "member": "serviceAccount:dev-cluster-sa@dspl-24-poc.iam.gserviceaccount.com",
            "project": "dspl-24-poc",
            "role": "roles/logging.logWriter"
          },
          "sensitive_attributes": [],
          "private": "bnVsbA==",
          "dependencies": [
            "module.gke.google_service_account.gke_sa",
            "module.service-accounts.google_project_iam_member.backend_sa_cloudsql",
            "module.service-accounts.google_project_iam_member.gke_sa_roles",
            "module.service-accounts.google_service_account.backend_sa",
            "module.service-accounts.google_service_account.gke_sa",
            "module.service-accounts.google_service_account_iam_binding.workload_identity_binding"
          ]
        },
        {
          "index_key": "roles/monitoring.metricWriter",
          "schema_version": 0,
          "attributes": {
            "condition": [],
            "etag": "BwYqT6YeAD4=",
            "id": "dspl-24-poc/roles/monitoring.metricWriter/serviceAccount:dev-cluster-sa@dspl-24-poc.iam.gserviceaccount.com",
            "member": "serviceAccount:dev-cluster-sa@dspl-24-poc.iam.gserviceaccount.com",
            "project": "dspl-24-poc",
            "role": "roles/monitoring.metricWriter"
          },
          "sensitive_attributes": [],
          "private": "bnVsbA==",
          "dependencies": [
            "module.gke.google_service_account.gke_sa",
            "module.service-accounts.google_project_iam_member.backend_sa_cloudsql",
            "module.service-accounts.google_project_iam_member.gke_sa_roles",
            "module.service-accounts.google_service_account.backend_sa",
            "module.service-accounts.google_service_account.gke_sa",
            "module.service-accounts.google_service_account_iam_binding.workload_identity_binding"
          ]
        },
        {
          "index_key": "roles/monitoring.viewer",
          "schema_version": 0,
          "attributes": {
            "condition": [],
            "etag": "BwYqT6YeAD4=",
            "id": "dspl-24-poc/roles/monitoring.viewer/serviceAccount:dev-cluster-sa@dspl-24-poc.iam.gserviceaccount.com",
            "member": "serviceAccount:dev-cluster-sa@dspl-24-poc.iam.gserviceaccount.com",
            "project": "dspl-24-poc",
            "role": "roles/monitoring.viewer"
          },
          "sensitive_attributes": [],
          "private": "bnVsbA==",
          "dependencies": [
            "module.gke.google_service_account.gke_sa",
            "module.service-accounts.google_project_iam_member.backend_sa_cloudsql",
            "module.service-accounts.google_project_iam_member.gke_sa_roles",
            "module.service-accounts.google_service_account.backend_sa",
            "module.service-accounts.google_service_account.gke_sa",
            "module.service-accounts.google_service_account_iam_binding.workload_identity_binding"
          ]
        },
        {
          "index_key": "roles/storage.objectViewer",
          "schema_version": 0,
          "attributes": {
            "condition": [],
            "etag": "BwYqT6YeAD4=",
            "id": "dspl-24-poc/roles/storage.objectViewer/serviceAccount:dev-cluster-sa@dspl-24-poc.iam.gserviceaccount.com",
            "member": "serviceAccount:dev-cluster-sa@dspl-24-poc.iam.gserviceaccount.com",
            "project": "dspl-24-poc",
            "role": "roles/storage.objectViewer"
          },
          "sensitive_attributes": [],
          "private": "bnVsbA==",
          "dependencies": [
            "module.gke.google_service_account.gke_sa",
            "module.service-accounts.google_project_iam_member.backend_sa_cloudsql",
            "module.service-accounts.google_project_iam_member.gke_sa_roles",
            "module.service-accounts.google_service_account.backend_sa",
            "module.service-accounts.google_service_account.gke_sa",
            "module.service-accounts.google_service_account_iam_binding.workload_identity_binding"
          ]
        }
      ]
    },
    {
      "module": "module.gke",
      "mode": "managed",
      "type": "google_service_account",
      "name": "gke_sa",
      "provider": "provider[\"registry.terraform.io/hashicorp/google\"]",
      "instances": [
        {
          "schema_version": 0,
          "attributes": {
            "account_id": "dev-cluster-sa",
            "description": "",
            "disabled": false,
            "display_name": "GKE Service Account for dev-cluster",
            "email": "dev-cluster-sa@dspl-24-poc.iam.gserviceaccount.com",
            "id": "projects/dspl-24-poc/serviceAccounts/dev-cluster-sa@dspl-24-poc.iam.gserviceaccount.com",
            "member": "serviceAccount:dev-cluster-sa@dspl-24-poc.iam.gserviceaccount.com",
            "name": "projects/dspl-24-poc/serviceAccounts/dev-cluster-sa@dspl-24-poc.iam.gserviceaccount.com",
            "project": "dspl-24-poc",
            "timeouts": null,
            "unique_id": "118319698621813314545"
          },
          "sensitive_attributes": [],
          "private": "eyJlMmJmYjczMC1lY2FhLTExZTYtOGY4OC0zNDM2M2JjN2M0YzAiOnsiY3JlYXRlIjozMDAwMDAwMDAwMDB9fQ==",
          "dependencies": [
            "module.service-accounts.google_project_iam_member.backend_sa_cloudsql",
            "module.service-accounts.google_project_iam_member.gke_sa_roles",
            "module.service-accounts.google_service_account.backend_sa",
            "module.service-accounts.google_service_account.gke_sa",
            "module.service-accounts.google_service_account_iam_binding.workload_identity_binding"
          ]
        }
      ]
    },
    {
      "module": "module.service-accounts",
      "mode": "managed",
      "type": "google_project_iam_member",
      "name": "backend_sa_cloudsql",
      "provider": "provider[\"registry.terraform.io/hashicorp/google\"]",
      "instances": [
        {
          "schema_version": 0,
          "attributes": {
            "condition": [],
            "etag": "BwYqT6YeAD4=",
            "id": "dspl-24-poc/roles/cloudsql.client/serviceAccount:backend-sa@dspl-24-poc.iam.gserviceaccount.com",
            "member": "serviceAccount:backend-sa@dspl-24-poc.iam.gserviceaccount.com",
            "project": "dspl-24-poc",
            "role": "roles/cloudsql.client"
          },
          "sensitive_attributes": [],
          "private": "bnVsbA==",
          "dependencies": [
            "module.service-accounts.google_service_account.backend_sa"
          ]
        }
      ]
    },
    {
      "module": "module.service-accounts",
      "mode": "managed",
      "type": "google_project_iam_member",
      "name": "gke_sa_roles",
      "provider": "provider[\"registry.terraform.io/hashicorp/google\"]",
      "instances": [
        {
          "index_key": "roles/logging.logWriter",
          "schema_version": 0,
          "attributes": {
            "condition": [],
            "etag": "BwYqT6YeAD4=",
            "id": "dspl-24-poc/roles/logging.logWriter/serviceAccount:gke-node-sa@dspl-24-poc.iam.gserviceaccount.com",
            "member": "serviceAccount:gke-node-sa@dspl-24-poc.iam.gserviceaccount.com",
            "project": "dspl-24-poc",
            "role": "roles/logging.logWriter"
          },
          "sensitive_attributes": [],
          "private": "bnVsbA==",
          "dependencies": [
            "module.service-accounts.google_service_account.gke_sa"
          ]
        },
        {
          "index_key": "roles/monitoring.metricWriter",
          "schema_version": 0,
          "attributes": {
            "condition": [],
            "etag": "BwYqT6YeAD4=",
            "id": "dspl-24-poc/roles/monitoring.metricWriter/serviceAccount:gke-node-sa@dspl-24-poc.iam.gserviceaccount.com",
            "member": "serviceAccount:gke-node-sa@dspl-24-poc.iam.gserviceaccount.com",
            "project": "dspl-24-poc",
            "role": "roles/monitoring.metricWriter"
          },
          "sensitive_attributes": [],
          "private": "bnVsbA==",
          "dependencies": [
            "module.service-accounts.google_service_account.gke_sa"
          ]
        },
        {
          "index_key": "roles/monitoring.viewer",
          "schema_version": 0,
          "attributes": {
            "condition": [],
            "etag": "BwYqT6YeAD4=",
            "id": "dspl-24-poc/roles/monitoring.viewer/serviceAccount:gke-node-sa@dspl-24-poc.iam.gserviceaccount.com",
            "member": "serviceAccount:gke-node-sa@dspl-24-poc.iam.gserviceaccount.com",
            "project": "dspl-24-poc",
            "role": "roles/monitoring.viewer"
          },
          "sensitive_attributes": [],
          "private": "bnVsbA==",
          "dependencies": [
            "module.service-accounts.google_service_account.gke_sa"
          ]
        }
      ]
    },
    {
      "module": "module.service-accounts",
      "mode": "managed",
      "type": "google_service_account",
      "name": "backend_sa",
      "provider": "provider[\"registry.terraform.io/hashicorp/google\"]",
      "instances": [
        {
          "schema_version": 0,
          "attributes": {
            "account_id": "backend-sa",
            "description": "",
            "disabled": false,
            "display_name": "Backend Application Service Account",
            "email": "backend-sa@dspl-24-poc.iam.gserviceaccount.com",
            "id": "projects/dspl-24-poc/serviceAccounts/backend-sa@dspl-24-poc.iam.gserviceaccount.com",
            "member": "serviceAccount:backend-sa@dspl-24-poc.iam.gserviceaccount.com",
            "name": "projects/dspl-24-poc/serviceAccounts/backend-sa@dspl-24-poc.iam.gserviceaccount.com",
            "project": "dspl-24-poc",
            "timeouts": {
              "create": null
            },
            "unique_id": "100628460619503613665"
          },
          "sensitive_attributes": [],
          "private": "eyJlMmJmYjczMC1lY2FhLTExZTYtOGY4OC0zNDM2M2JjN2M0YzAiOnsiY3JlYXRlIjozMDAwMDAwMDAwMDB9LCJzY2hlbWFfdmVyc2lvbiI6IjAifQ=="
        }
      ]
    },
    {
      "module": "module.service-accounts",
      "mode": "managed",
      "type": "google_service_account",
      "name": "gke_sa",
      "provider": "provider[\"registry.terraform.io/hashicorp/google\"]",
      "instances": [
        {
          "schema_version": 0,
          "attributes": {
            "account_id": "gke-node-sa",
            "description": "",
            "disabled": false,
            "display_name": "GKE Node Service Account",
            "email": "gke-node-sa@dspl-24-poc.iam.gserviceaccount.com",
            "id": "projects/dspl-24-poc/serviceAccounts/gke-node-sa@dspl-24-poc.iam.gserviceaccount.com",
            "member": "serviceAccount:gke-node-sa@dspl-24-poc.iam.gserviceaccount.com",
            "name": "projects/dspl-24-poc/serviceAccounts/gke-node-sa@dspl-24-poc.iam.gserviceaccount.com",
            "project": "dspl-24-poc",
            "timeouts": {
              "create": null
            },
            "unique_id": "117050579116608114141"
          },
          "sensitive_attributes": [],
          "private": "eyJlMmJmYjczMC1lY2FhLTExZTYtOGY4OC0zNDM2M2JjN2M0YzAiOnsiY3JlYXRlIjozMDAwMDAwMDAwMDB9LCJzY2hlbWFfdmVyc2lvbiI6IjAifQ=="
        }
      ]
    },
    {
      "module": "module.service-accounts",
      "mode": "managed",
      "type": "google_service_account_iam_binding",
      "name": "workload_identity_binding",
      "provider": "provider[\"registry.terraform.io/hashicorp/google\"]",
      "instances": [
        {
          "schema_version": 0,
          "attributes": {
            "condition": [],
            "etag": "BwYqT6XrJd0=",
            "id": "projects/dspl-24-poc/serviceAccounts/backend-sa@dspl-24-poc.iam.gserviceaccount.com/roles/iam.workloadIdentityUser",
            "members": [
              "serviceAccount:dspl-24-poc.svc.id.goog[default/backend-sa]"
            ],
            "role": "roles/iam.workloadIdentityUser",
            "service_account_id": "projects/dspl-24-poc/serviceAccounts/backend-sa@dspl-24-poc.iam.gserviceaccount.com"
          },
          "sensitive_attributes": [],
          "private": "bnVsbA==",
          "dependencies": [
            "module.service-accounts.google_service_account.backend_sa"
          ]
        }
      ]
    },
    {
      "module": "module.vpc",
      "mode": "managed",
      "type": "google_compute_firewall",
      "name": "rules",
      "provider": "provider[\"registry.terraform.io/hashicorp/google\"]",
      "instances": [
        {
          "index_key": "my-vpc-allow-internal",
          "schema_version": 1,
          "attributes": {
            "allow": [
              {
                "ports": [
                  "22",
                  "80",
                  "443"
                ],
                "protocol": "tcp"
              }
            ],
            "creation_timestamp": "2024-12-29T20:36:20.525-08:00",
            "deny": [],
            "description": "",
            "destination_ranges": [],
            "direction": "INGRESS",
            "disabled": false,
            "enable_logging": null,
            "id": "projects/dspl-24-poc/global/firewalls/allow-internal",
            "log_config": [],
            "name": "allow-internal",
            "network": "https://www.googleapis.com/compute/v1/projects/dspl-24-poc/global/networks/my-vpc",
            "priority": 1000,
            "project": "dspl-24-poc",
            "self_link": "https://www.googleapis.com/compute/v1/projects/dspl-24-poc/global/firewalls/allow-internal",
            "source_ranges": [
              "10.0.0.0/16",
              "10.1.0.0/16"
            ],
            "source_service_accounts": null,
            "source_tags": null,
            "target_service_accounts": null,
            "target_tags": null,
            "timeouts": null
          },
          "sensitive_attributes": [],
          "private": "eyJlMmJmYjczMC1lY2FhLTExZTYtOGY4OC0zNDM2M2JjN2M0YzAiOnsiY3JlYXRlIjoxMjAwMDAwMDAwMDAwLCJkZWxldGUiOjEyMDAwMDAwMDAwMDAsInVwZGF0ZSI6MTIwMDAwMDAwMDAwMH0sInNjaGVtYV92ZXJzaW9uIjoiMSJ9",
          "dependencies": [
            "module.vpc.google_compute_network.vpc"
          ]
        }
      ]
    },
    {
      "module": "module.vpc",
      "mode": "managed",
      "type": "google_compute_global_address",
      "name": "private_ip_alloc",
      "provider": "provider[\"registry.terraform.io/hashicorp/google\"]",
      "instances": [
        {
          "schema_version": 0,
          "attributes": {
            "address": "10.85.0.0",
            "address_type": "INTERNAL",
            "creation_timestamp": "2024-12-29T20:36:20.513-08:00",
            "description": "",
            "id": "projects/dspl-24-poc/global/addresses/my-vpc-private-ip-alloc",
            "ip_version": "",
            "name": "my-vpc-private-ip-alloc",
            "network": "https://www.googleapis.com/compute/v1/projects/dspl-24-poc/global/networks/my-vpc",
            "prefix_length": 16,
            "project": "dspl-24-poc",
            "purpose": "VPC_PEERING",
            "self_link": "https://www.googleapis.com/compute/v1/projects/dspl-24-poc/global/addresses/my-vpc-private-ip-alloc",
            "timeouts": null
          },
          "sensitive_attributes": [],
          "private": "eyJlMmJmYjczMC1lY2FhLTExZTYtOGY4OC0zNDM2M2JjN2M0YzAiOnsiY3JlYXRlIjoxMjAwMDAwMDAwMDAwLCJkZWxldGUiOjEyMDAwMDAwMDAwMDB9fQ==",
          "dependencies": [
            "module.vpc.google_compute_network.vpc"
          ]
        }
      ]
    },
    {
      "module": "module.vpc",
      "mode": "managed",
      "type": "google_compute_network",
      "name": "vpc",
      "provider": "provider[\"registry.terraform.io/hashicorp/google\"]",
      "instances": [
        {
          "index_key": "my-vpc",
          "schema_version": 0,
          "attributes": {
            "auto_create_subnetworks": false,
            "delete_default_routes_on_create": false,
            "description": "",
            "enable_ula_internal_ipv6": false,
            "gateway_ipv4": "",
            "id": "projects/dspl-24-poc/global/networks/my-vpc",
            "internal_ipv6_range": "",
            "mtu": 0,
            "name": "my-vpc",
            "network_firewall_policy_enforcement_order": "AFTER_CLASSIC_FIREWALL",
            "numeric_id": "7606017115851562456",
            "project": "dspl-24-poc",
            "routing_mode": "REGIONAL",
            "self_link": "https://www.googleapis.com/compute/v1/projects/dspl-24-poc/global/networks/my-vpc",
            "timeouts": null
          },
          "sensitive_attributes": [],
          "private": "eyJlMmJmYjczMC1lY2FhLTExZTYtOGY4OC0zNDM2M2JjN2M0YzAiOnsiY3JlYXRlIjoxMjAwMDAwMDAwMDAwLCJkZWxldGUiOjEyMDAwMDAwMDAwMDAsInVwZGF0ZSI6MTIwMDAwMDAwMDAwMH19",
          "create_before_destroy": true
        }
      ]
    },
    {
      "module": "module.vpc",
      "mode": "managed",
      "type": "google_compute_router",
      "name": "router",
      "provider": "provider[\"registry.terraform.io/hashicorp/google\"]",
      "instances": [
        {
          "index_key": "my-vpc",
          "schema_version": 0,
          "attributes": {
            "bgp": [],
            "creation_timestamp": "2024-12-29T20:36:21.475-08:00",
            "description": "",
            "encrypted_interconnect_router": false,
            "id": "projects/dspl-24-poc/regions/us-central1/routers/my-vpc-router",
            "name": "my-vpc-router",
            "network": "https://www.googleapis.com/compute/v1/projects/dspl-24-poc/global/networks/my-vpc",
            "project": "dspl-24-poc",
            "region": "us-central1",
            "self_link": "https://www.googleapis.com/compute/v1/projects/dspl-24-poc/regions/us-central1/routers/my-vpc-router",
            "timeouts": null
          },
          "sensitive_attributes": [],
          "private": "eyJlMmJmYjczMC1lY2FhLTExZTYtOGY4OC0zNDM2M2JjN2M0YzAiOnsiY3JlYXRlIjoxMjAwMDAwMDAwMDAwLCJkZWxldGUiOjEyMDAwMDAwMDAwMDAsInVwZGF0ZSI6MTIwMDAwMDAwMDAwMH19",
          "dependencies": [
            "module.vpc.google_compute_network.vpc"
          ]
        }
      ]
    },
    {
      "module": "module.vpc",
      "mode": "managed",
      "type": "google_compute_router_nat",
      "name": "nat",
      "provider": "provider[\"registry.terraform.io/hashicorp/google\"]",
      "instances": [
        {
          "index_key": "my-vpc",
          "schema_version": 0,
          "attributes": {
            "drain_nat_ips": null,
            "enable_dynamic_port_allocation": false,
            "enable_endpoint_independent_mapping": false,
            "icmp_idle_timeout_sec": 30,
            "id": "dspl-24-poc/us-central1/my-vpc-router/my-vpc-nat",
            "log_config": [],
            "max_ports_per_vm": 0,
            "min_ports_per_vm": 0,
            "name": "my-vpc-nat",
            "nat_ip_allocate_option": "AUTO_ONLY",
            "nat_ips": null,
            "project": "dspl-24-poc",
            "region": "us-central1",
            "router": "my-vpc-router",
            "rules": [],
            "source_subnetwork_ip_ranges_to_nat": "ALL_SUBNETWORKS_ALL_IP_RANGES",
            "subnetwork": [],
            "tcp_established_idle_timeout_sec": 1200,
            "tcp_time_wait_timeout_sec": 120,
            "tcp_transitory_idle_timeout_sec": 30,
            "timeouts": null,
            "udp_idle_timeout_sec": 30
          },
          "sensitive_attributes": [],
          "private": "eyJlMmJmYjczMC1lY2FhLTExZTYtOGY4OC0zNDM2M2JjN2M0YzAiOnsiY3JlYXRlIjoxMjAwMDAwMDAwMDAwLCJkZWxldGUiOjEyMDAwMDAwMDAwMDAsInVwZGF0ZSI6MTIwMDAwMDAwMDAwMH19",
          "dependencies": [
            "module.vpc.google_compute_network.vpc",
            "module.vpc.google_compute_router.router"
          ]
        }
      ]
    },
    {
      "module": "module.vpc",
      "mode": "managed",
      "type": "google_compute_subnetwork",
      "name": "subnets",
      "provider": "provider[\"registry.terraform.io/hashicorp/google\"]",
      "instances": [
        {
          "index_key": "my-vpc-gke-subnet",
          "schema_version": 0,
          "attributes": {
            "creation_timestamp": "2024-12-29T20:36:21.569-08:00",
            "description": "",
            "external_ipv6_prefix": "",
            "fingerprint": null,
            "gateway_address": "10.0.0.1",
            "id": "projects/dspl-24-poc/regions/us-central1/subnetworks/gke-subnet",
            "internal_ipv6_prefix": "",
            "ip_cidr_range": "10.0.0.0/16",
            "ipv6_access_type": "",
            "ipv6_cidr_range": "",
            "log_config": [
              {
                "aggregation_interval": "INTERVAL_10_MIN",
                "filter_expr": "true",
                "flow_sampling": 0.5,
                "metadata": "INCLUDE_ALL_METADATA",
                "metadata_fields": null
              }
            ],
            "name": "gke-subnet",
            "network": "https://www.googleapis.com/compute/v1/projects/dspl-24-poc/global/networks/my-vpc",
            "private_ip_google_access": true,
            "private_ipv6_google_access": "DISABLE_GOOGLE_ACCESS",
            "project": "dspl-24-poc",
            "purpose": "PRIVATE",
            "region": "us-central1",
            "role": "",
            "secondary_ip_range": [
              {
                "ip_cidr_range": "10.2.0.0/20",
                "range_name": "gke-pods"
              },
              {
                "ip_cidr_range": "10.3.0.0/20",
                "range_name": "gke-services"
              }
            ],
            "self_link": "https://www.googleapis.com/compute/v1/projects/dspl-24-poc/regions/us-central1/subnetworks/gke-subnet",
            "stack_type": "IPV4_ONLY",
            "timeouts": null
          },
          "sensitive_attributes": [],
          "private": "eyJlMmJmYjczMC1lY2FhLTExZTYtOGY4OC0zNDM2M2JjN2M0YzAiOnsiY3JlYXRlIjoxMjAwMDAwMDAwMDAwLCJkZWxldGUiOjEyMDAwMDAwMDAwMDAsInVwZGF0ZSI6MTIwMDAwMDAwMDAwMH19",
          "dependencies": [
            "module.vpc.google_compute_network.vpc"
          ]
        },
        {
          "index_key": "my-vpc-sql-subnet",
          "schema_version": 0,
          "attributes": {
            "creation_timestamp": "2024-12-29T20:36:21.511-08:00",
            "description": "",
            "external_ipv6_prefix": "",
            "fingerprint": null,
            "gateway_address": "10.1.0.1",
            "id": "projects/dspl-24-poc/regions/us-central1/subnetworks/sql-subnet",
            "internal_ipv6_prefix": "",
            "ip_cidr_range": "10.1.0.0/16",
            "ipv6_access_type": "",
            "ipv6_cidr_range": "",
            "log_config": [
              {
                "aggregation_interval": "INTERVAL_10_MIN",
                "filter_expr": "true",
                "flow_sampling": 0.5,
                "metadata": "INCLUDE_ALL_METADATA",
                "metadata_fields": null
              }
            ],
            "name": "sql-subnet",
            "network": "https://www.googleapis.com/compute/v1/projects/dspl-24-poc/global/networks/my-vpc",
            "private_ip_google_access": true,
            "private_ipv6_google_access": "DISABLE_GOOGLE_ACCESS",
            "project": "dspl-24-poc",
            "purpose": "PRIVATE",
            "region": "us-central1",
            "role": "",
            "secondary_ip_range": [],
            "self_link": "https://www.googleapis.com/compute/v1/projects/dspl-24-poc/regions/us-central1/subnetworks/sql-subnet",
            "stack_type": "IPV4_ONLY",
            "timeouts": null
          },
          "sensitive_attributes": [],
          "private": "eyJlMmJmYjczMC1lY2FhLTExZTYtOGY4OC0zNDM2M2JjN2M0YzAiOnsiY3JlYXRlIjoxMjAwMDAwMDAwMDAwLCJkZWxldGUiOjEyMDAwMDAwMDAwMDAsInVwZGF0ZSI6MTIwMDAwMDAwMDAwMH19",
          "dependencies": [
            "module.vpc.google_compute_network.vpc"
          ]
        }
      ]
    }
  ],
  "check_results": null
}
