{
  "version": 4,
  "terraform_version": "1.9.6",
  "serial": 561,
  "lineage": "4a5e3942-71ec-2252-655d-742cdea703a6",
  "outputs": {
    "backend_service": {
      "value": "backend-service",
      "type": "string"
    },
    "cluster_endpoint": {
      "value": "34.171.142.237",
      "type": "string",
      "sensitive": true
    },
    "cluster_name": {
      "value": "dev-cluster",
      "type": "string"
    },
    "frontend_service": {
      "value": "frontend-service",
      "type": "string"
    },
    "network_name": {
      "value": "my-vpc",
      "type": "string"
    },
    "sql_instance_names": {
      "value": {
        "my-instance": "my-instance"
      },
      "type": [
        "object",
        {
          "my-instance": "string"
        }
      ]
    }
  },
  "resources": [
    {
      "module": "module.cloud_sql",
      "mode": "managed",
      "type": "google_sql_database",
      "name": "databases",
      "provider": "provider[\"registry.terraform.io/hashicorp/google\"]",
      "instances": [
        {
          "index_key": "0",
          "schema_version": 0,
          "attributes": {
            "charset": "UTF8",
            "collation": "en_US.UTF8",
            "deletion_policy": "DELETE",
            "id": "projects/dspl-24-poc/instances/my-instance/databases/my_database",
            "instance": "my-instance",
            "name": "my_database",
            "project": "dspl-24-poc",
            "self_link": "https://sqladmin.googleapis.com/sql/v1beta4/projects/dspl-24-poc/instances/my-instance/databases/my_database",
            "timeouts": null
          },
          "sensitive_attributes": [],
          "private": "eyJlMmJmYjczMC1lY2FhLTExZTYtOGY4OC0zNDM2M2JjN2M0YzAiOnsiY3JlYXRlIjoxMjAwMDAwMDAwMDAwLCJkZWxldGUiOjEyMDAwMDAwMDAwMDAsInVwZGF0ZSI6MTIwMDAwMDAwMDAwMH19",
          "dependencies": [
            "module.cloud_sql.google_sql_database_instance.instances",
            "module.vpc.google_compute_firewall.rules",
            "module.vpc.google_compute_global_address.private_ip_address",
            "module.vpc.google_compute_global_address.private_ip_alloc",
            "module.vpc.google_compute_network.vpc",
            "module.vpc.google_compute_router.router",
            "module.vpc.google_compute_router_nat.nat",
            "module.vpc.google_compute_subnetwork.subnets",
            "module.vpc.google_service_networking_connection.private_vpc_connection"
          ]
        }
      ]
    },
    {
      "module": "module.cloud_sql",
      "mode": "managed",
      "type": "google_sql_database_instance",
      "name": "instances",
      "provider": "provider[\"registry.terraform.io/hashicorp/google\"]",
      "instances": [
        {
          "index_key": "my-instance",
          "schema_version": 0,
          "attributes": {
            "available_maintenance_versions": [],
            "clone": [],
            "connection_name": "dspl-24-poc:us-central1:my-instance",
            "database_version": "POSTGRES_14",
            "deletion_protection": false,
            "dns_name": "",
            "encryption_key_name": null,
            "first_ip_address": "10.153.0.3",
            "id": "my-instance",
            "instance_type": "CLOUD_SQL_INSTANCE",
            "ip_address": [
              {
                "ip_address": "10.153.0.3",
                "time_to_retire": "",
                "type": "PRIVATE"
              }
            ],
            "maintenance_version": "POSTGRES_14_15.R20240910.01_31",
            "master_instance_name": "",
            "name": "my-instance",
            "private_ip_address": "10.153.0.3",
            "project": "dspl-24-poc",
            "psc_service_attachment_link": "",
            "public_ip_address": "",
            "region": "us-central1",
            "replica_configuration": [],
            "restore_backup_context": [],
            "root_password": null,
            "self_link": "https://sqladmin.googleapis.com/sql/v1beta4/projects/dspl-24-poc/instances/my-instance",
            "server_ca_cert": [
              {
                "cert": "-----BEGIN CERTIFICATE-----\nMIIDfzCCAmegAwIBAgIBADANBgkqhkiG9w0BAQsFADB3MS0wKwYDVQQuEyRlNTZk\nZTBmNC0xNzFiLTQ4YjYtODQ1Yi1hZjk3ZDcyZjcyOGExIzAhBgNVBAMTGkdvb2ds\nZSBDbG91ZCBTUUwgU2VydmVyIENBMRQwEgYDVQQKEwtHb29nbGUsIEluYzELMAkG\nA1UEBhMCVVMwHhcNMjQxMjMwMDUwMDMxWhcNMzQxMjI4MDUwMTMxWjB3MS0wKwYD\nVQQuEyRlNTZkZTBmNC0xNzFiLTQ4YjYtODQ1Yi1hZjk3ZDcyZjcyOGExIzAhBgNV\nBAMTGkdvb2dsZSBDbG91ZCBTUUwgU2VydmVyIENBMRQwEgYDVQQKEwtHb29nbGUs\nIEluYzELMAkGA1UEBhMCVVMwggEiMA0GCSqGSIb3DQEBAQUAA4IBDwAwggEKAoIB\nAQCYI31fFZ5sKh1UK3amSn0tHQzLHdNGXdn6UFQ8ddmCmXd+Uf19oS6N/iAMOrWf\nRukMyZBs37NHtHTLJDcsoOnG/ms71SCDYsmkvOFHzH1rrugo3RvGiA1XJcT1Zjzd\nZkaXYk0mE0wYzkEJl2aIp/yKe3bUv6Gvkh8JSwWcnBfuprptpYVGiIusgTGusV4t\nnlafmSjsaPKHstgUk5XHte72qm/rQyhk/dCf5ppH+DE5J9Y22NNVuk+n/qxcHWUB\ncMf7mls+bQwTniFg//0R6IipCboRhCTm4iPakSTkWhHAPn4fN5xezgI9dm5T5u2k\n06N9UYNk881eNI2M+FR72okRAgMBAAGjFjAUMBIGA1UdEwEB/wQIMAYBAf8CAQAw\nDQYJKoZIhvcNAQELBQADggEBABqiIg3/yVsiZY43cm/LfkbTHr5hzsnb5fQMJ3m4\ns3JGiKA2QlaxxyZXdHja69CKwi/lwDUyMBn2N9MTW62yrlIuTW58m4X+eWJtVqhj\nRcwK7WE2dIxSG6GfbR/pu4BT2zl0EmLNExzApCRH7WmRnIgEO2giIUOKiS/wmzrw\n2yK7a7eQNabjQbptHNINIlYk6QCEbNFoU7LC1v9yY3DslBwjsvK+ExbRM4GxBUn8\nBfoTlNyAQr5JhQf0NkE0jeETThxIhyoqvQIW6OTRDGZehmX8s6vgpDoG5gqyZTqD\nAqXzAovVKuSz0lvY1TdILROXkzYGdHLhFUR7BhvDsieJlo4=\n-----END CERTIFICATE-----",
                "common_name": "C=US,O=Google\\, Inc,CN=Google Cloud SQL Server CA,dnQualifier=e56de0f4-171b-48b6-845b-af97d72f728a",
                "create_time": "2024-12-30T05:00:31.278Z",
                "expiration_time": "2034-12-28T05:01:31.278Z",
                "sha1_fingerprint": "bb9044b8fa3dc22e46c682099340b37fcf01b7b8"
              }
            ],
            "service_account_email_address": "p236260619337-ctwvd4@gcp-sa-cloud-sql.iam.gserviceaccount.com",
            "settings": [
              {
                "activation_policy": "ALWAYS",
                "active_directory_config": [],
                "advanced_machine_features": [],
                "availability_type": "ZONAL",
                "backup_configuration": [
                  {
                    "backup_retention_settings": [
                      {
                        "retained_backups": 7,
                        "retention_unit": "COUNT"
                      }
                    ],
                    "binary_log_enabled": false,
                    "enabled": false,
                    "location": "",
                    "point_in_time_recovery_enabled": false,
                    "start_time": "03:00",
                    "transaction_log_retention_days": 7
                  }
                ],
                "collation": "",
                "connector_enforcement": "NOT_REQUIRED",
                "data_cache_config": [],
                "database_flags": [],
                "deletion_protection_enabled": false,
                "deny_maintenance_period": [],
                "disk_autoresize": true,
                "disk_autoresize_limit": 0,
                "disk_size": 10,
                "disk_type": "PD_SSD",
                "edition": "ENTERPRISE",
                "insights_config": [],
                "ip_configuration": [
                  {
                    "allocated_ip_range": "",
                    "authorized_networks": [],
                    "enable_private_path_for_google_cloud_services": false,
                    "ipv4_enabled": false,
                    "private_network": "projects/dspl-24-poc/global/networks/my-vpc",
                    "psc_config": [],
                    "require_ssl": false,
                    "ssl_mode": ""
                  }
                ],
                "location_preference": [
                  {
                    "follow_gae_application": "",
                    "secondary_zone": "",
                    "zone": "us-central1-a"
                  }
                ],
                "maintenance_window": [],
                "password_validation_policy": [],
                "pricing_plan": "PER_USE",
                "sql_server_audit_config": [],
                "tier": "db-f1-micro",
                "time_zone": "",
                "user_labels": {},
                "version": 2
              }
            ],
            "timeouts": null
          },
          "sensitive_attributes": [
            [
              {
                "type": "get_attr",
                "value": "root_password"
              }
            ]
          ],
          "private": "eyJlMmJmYjczMC1lY2FhLTExZTYtOGY4OC0zNDM2M2JjN2M0YzAiOnsiY3JlYXRlIjoyNDAwMDAwMDAwMDAwLCJkZWxldGUiOjE4MDAwMDAwMDAwMDAsInVwZGF0ZSI6MTgwMDAwMDAwMDAwMH19",
          "dependencies": [
            "module.vpc.google_compute_firewall.rules",
            "module.vpc.google_compute_global_address.private_ip_address",
            "module.vpc.google_compute_global_address.private_ip_alloc",
            "module.vpc.google_compute_network.vpc",
            "module.vpc.google_compute_router.router",
            "module.vpc.google_compute_router_nat.nat",
            "module.vpc.google_compute_subnetwork.subnets",
            "module.vpc.google_service_networking_connection.private_vpc_connection"
          ]
        }
      ]
    },
    {
      "module": "module.cloud_sql",
      "mode": "managed",
      "type": "google_sql_user",
      "name": "users",
      "provider": "provider[\"registry.terraform.io/hashicorp/google\"]",
      "instances": [
        {
          "index_key": "0",
          "schema_version": 1,
          "attributes": {
            "deletion_policy": null,
            "host": "",
            "id": "admin//my-instance",
            "instance": "my-instance",
            "name": "admin",
            "password": "KwobH)2u)sWe\u003exB\u003e",
            "password_policy": [],
            "project": "dspl-24-poc",
            "sql_server_user_details": [],
            "timeouts": null,
            "type": ""
          },
          "sensitive_attributes": [
            [
              {
                "type": "get_attr",
                "value": "password"
              }
            ]
          ],
          "private": "eyJlMmJmYjczMC1lY2FhLTExZTYtOGY4OC0zNDM2M2JjN2M0YzAiOnsiY3JlYXRlIjo2MDAwMDAwMDAwMDAsImRlbGV0ZSI6NjAwMDAwMDAwMDAwLCJ1cGRhdGUiOjYwMDAwMDAwMDAwMH0sInNjaGVtYV92ZXJzaW9uIjoiMSJ9",
          "dependencies": [
            "module.cloud_sql.google_sql_database_instance.instances",
            "module.cloud_sql.random_password.user_passwords",
            "module.vpc.google_compute_firewall.rules",
            "module.vpc.google_compute_global_address.private_ip_address",
            "module.vpc.google_compute_global_address.private_ip_alloc",
            "module.vpc.google_compute_network.vpc",
            "module.vpc.google_compute_router.router",
            "module.vpc.google_compute_router_nat.nat",
            "module.vpc.google_compute_subnetwork.subnets",
            "module.vpc.google_service_networking_connection.private_vpc_connection"
          ]
        }
      ]
    },
    {
      "module": "module.cloud_sql",
      "mode": "managed",
      "type": "random_password",
      "name": "user_passwords",
      "provider": "provider[\"registry.terraform.io/hashicorp/random\"]",
      "instances": [
        {
          "index_key": "0",
          "schema_version": 3,
          "attributes": {
            "bcrypt_hash": "$2a$10$JX3USDOgBFxLFqGN9aj0AeVj0/WZPCa7H6u.O8wC/vkOQVtPxVBU.",
            "id": "none",
            "keepers": null,
            "length": 16,
            "lower": true,
            "min_lower": 0,
            "min_numeric": 0,
            "min_special": 0,
            "min_upper": 0,
            "number": true,
            "numeric": true,
            "override_special": null,
            "result": "KwobH)2u)sWe\u003exB\u003e",
            "special": true,
            "upper": true
          },
          "sensitive_attributes": [
            [
              {
                "type": "get_attr",
                "value": "bcrypt_hash"
              }
            ],
            [
              {
                "type": "get_attr",
                "value": "result"
              }
            ]
          ],
          "dependencies": [
            "module.vpc.google_compute_firewall.rules",
            "module.vpc.google_compute_global_address.private_ip_address",
            "module.vpc.google_compute_global_address.private_ip_alloc",
            "module.vpc.google_compute_network.vpc",
            "module.vpc.google_compute_router.router",
            "module.vpc.google_compute_router_nat.nat",
            "module.vpc.google_compute_subnetwork.subnets",
            "module.vpc.google_service_networking_connection.private_vpc_connection"
          ]
        }
      ]
    },
    {
      "module": "module.enable_apis",
      "mode": "managed",
      "type": "google_project_service",
      "name": "compute_api",
      "provider": "provider[\"registry.terraform.io/hashicorp/google\"]",
      "instances": [
        {
          "schema_version": 0,
          "attributes": {
            "disable_dependent_services": true,
            "disable_on_destroy": true,
            "id": "dspl-24-poc/compute.googleapis.com",
            "project": "dspl-24-poc",
            "service": "compute.googleapis.com",
            "timeouts": null
          },
          "sensitive_attributes": [],
          "private": "eyJlMmJmYjczMC1lY2FhLTExZTYtOGY4OC0zNDM2M2JjN2M0YzAiOnsiY3JlYXRlIjoxMjAwMDAwMDAwMDAwLCJkZWxldGUiOjEyMDAwMDAwMDAwMDAsInJlYWQiOjYwMDAwMDAwMDAwMCwidXBkYXRlIjoxMjAwMDAwMDAwMDAwfX0="
        }
      ]
    },
    {
      "module": "module.enable_apis",
      "mode": "managed",
      "type": "google_project_service",
      "name": "container_api",
      "provider": "provider[\"registry.terraform.io/hashicorp/google\"]",
      "instances": [
        {
          "schema_version": 0,
          "attributes": {
            "disable_dependent_services": null,
            "disable_on_destroy": true,
            "id": "dspl-24-poc/container.googleapis.com",
            "project": "dspl-24-poc",
            "service": "container.googleapis.com",
            "timeouts": null
          },
          "sensitive_attributes": [],
          "private": "eyJlMmJmYjczMC1lY2FhLTExZTYtOGY4OC0zNDM2M2JjN2M0YzAiOnsiY3JlYXRlIjoxMjAwMDAwMDAwMDAwLCJkZWxldGUiOjEyMDAwMDAwMDAwMDAsInJlYWQiOjYwMDAwMDAwMDAwMCwidXBkYXRlIjoxMjAwMDAwMDAwMDAwfX0="
        }
      ]
    },
    {
      "module": "module.enable_apis",
      "mode": "managed",
      "type": "google_project_service",
      "name": "enabled_apis",
      "provider": "provider[\"registry.terraform.io/hashicorp/google\"]",
      "instances": [
        {
          "index_key": "cloudresourcemanager.googleapis.com",
          "schema_version": 0,
          "attributes": {
            "disable_dependent_services": null,
            "disable_on_destroy": true,
            "id": "dspl-24-poc/cloudresourcemanager.googleapis.com",
            "project": "dspl-24-poc",
            "service": "cloudresourcemanager.googleapis.com",
            "timeouts": null
          },
          "sensitive_attributes": [],
          "private": "eyJlMmJmYjczMC1lY2FhLTExZTYtOGY4OC0zNDM2M2JjN2M0YzAiOnsiY3JlYXRlIjoxMjAwMDAwMDAwMDAwLCJkZWxldGUiOjEyMDAwMDAwMDAwMDAsInJlYWQiOjYwMDAwMDAwMDAwMCwidXBkYXRlIjoxMjAwMDAwMDAwMDAwfX0="
        },
        {
          "index_key": "compute.googleapis.com",
          "schema_version": 0,
          "attributes": {
            "disable_dependent_services": null,
            "disable_on_destroy": true,
            "id": "dspl-24-poc/compute.googleapis.com",
            "project": "dspl-24-poc",
            "service": "compute.googleapis.com",
            "timeouts": null
          },
          "sensitive_attributes": [],
          "private": "eyJlMmJmYjczMC1lY2FhLTExZTYtOGY4OC0zNDM2M2JjN2M0YzAiOnsiY3JlYXRlIjoxMjAwMDAwMDAwMDAwLCJkZWxldGUiOjEyMDAwMDAwMDAwMDAsInJlYWQiOjYwMDAwMDAwMDAwMCwidXBkYXRlIjoxMjAwMDAwMDAwMDAwfX0="
        },
        {
          "index_key": "container.googleapis.com",
          "schema_version": 0,
          "attributes": {
            "disable_dependent_services": null,
            "disable_on_destroy": true,
            "id": "dspl-24-poc/container.googleapis.com",
            "project": "dspl-24-poc",
            "service": "container.googleapis.com",
            "timeouts": null
          },
          "sensitive_attributes": [],
          "private": "eyJlMmJmYjczMC1lY2FhLTExZTYtOGY4OC0zNDM2M2JjN2M0YzAiOnsiY3JlYXRlIjoxMjAwMDAwMDAwMDAwLCJkZWxldGUiOjEyMDAwMDAwMDAwMDAsInJlYWQiOjYwMDAwMDAwMDAwMCwidXBkYXRlIjoxMjAwMDAwMDAwMDAwfX0="
        },
        {
          "index_key": "iam.googleapis.com",
          "schema_version": 0,
          "attributes": {
            "disable_dependent_services": null,
            "disable_on_destroy": true,
            "id": "dspl-24-poc/iam.googleapis.com",
            "project": "dspl-24-poc",
            "service": "iam.googleapis.com",
            "timeouts": null
          },
          "sensitive_attributes": [],
          "private": "eyJlMmJmYjczMC1lY2FhLTExZTYtOGY4OC0zNDM2M2JjN2M0YzAiOnsiY3JlYXRlIjoxMjAwMDAwMDAwMDAwLCJkZWxldGUiOjEyMDAwMDAwMDAwMDAsInJlYWQiOjYwMDAwMDAwMDAwMCwidXBkYXRlIjoxMjAwMDAwMDAwMDAwfX0="
        },
        {
          "index_key": "servicenetworking.googleapis.com",
          "schema_version": 0,
          "attributes": {
            "disable_dependent_services": null,
            "disable_on_destroy": true,
            "id": "dspl-24-poc/servicenetworking.googleapis.com",
            "project": "dspl-24-poc",
            "service": "servicenetworking.googleapis.com",
            "timeouts": null
          },
          "sensitive_attributes": [],
          "private": "eyJlMmJmYjczMC1lY2FhLTExZTYtOGY4OC0zNDM2M2JjN2M0YzAiOnsiY3JlYXRlIjoxMjAwMDAwMDAwMDAwLCJkZWxldGUiOjEyMDAwMDAwMDAwMDAsInJlYWQiOjYwMDAwMDAwMDAwMCwidXBkYXRlIjoxMjAwMDAwMDAwMDAwfX0="
        },
        {
          "index_key": "sqladmin.googleapis.com",
          "schema_version": 0,
          "attributes": {
            "disable_dependent_services": null,
            "disable_on_destroy": true,
            "id": "dspl-24-poc/sqladmin.googleapis.com",
            "project": "dspl-24-poc",
            "service": "sqladmin.googleapis.com",
            "timeouts": null
          },
          "sensitive_attributes": [],
          "private": "eyJlMmJmYjczMC1lY2FhLTExZTYtOGY4OC0zNDM2M2JjN2M0YzAiOnsiY3JlYXRlIjoxMjAwMDAwMDAwMDAwLCJkZWxldGUiOjEyMDAwMDAwMDAwMDAsInJlYWQiOjYwMDAwMDAwMDAwMCwidXBkYXRlIjoxMjAwMDAwMDAwMDAwfX0="
        }
      ]
    },
    {
      "module": "module.gke",
      "mode": "managed",
      "type": "google_container_cluster",
      "name": "primary",
      "provider": "provider[\"registry.terraform.io/hashicorp/google\"]",
      "instances": [
        {
          "schema_version": 2,
          "attributes": {
            "addons_config": [
              {
                "cloudrun_config": [],
                "config_connector_config": [],
                "dns_cache_config": [],
                "gce_persistent_disk_csi_driver_config": [
                  {
                    "enabled": true
                  }
                ],
                "gcp_filestore_csi_driver_config": [],
                "gcs_fuse_csi_driver_config": [],
                "gke_backup_agent_config": [],
                "horizontal_pod_autoscaling": [
                  {
                    "disabled": false
                  }
                ],
                "http_load_balancing": [
                  {
                    "disabled": false
                  }
                ],
                "network_policy_config": [
                  {
                    "disabled": false
                  }
                ]
              }
            ],
            "allow_net_admin": null,
            "authenticator_groups_config": [],
            "binary_authorization": [
              {
                "enabled": false,
                "evaluation_mode": ""
              }
            ],
            "cluster_autoscaling": [
              {
                "auto_provisioning_defaults": [],
                "autoscaling_profile": "BALANCED",
                "enabled": false,
                "resource_limits": []
              }
            ],
            "cluster_ipv4_cidr": "10.2.0.0/20",
            "confidential_nodes": [],
            "cost_management_config": [],
            "database_encryption": [
              {
                "key_name": "",
                "state": "DECRYPTED"
              }
            ],
            "datapath_provider": "",
            "default_max_pods_per_node": 110,
            "default_snat_status": [
              {
                "disabled": false
              }
            ],
            "deletion_protection": false,
            "description": "",
            "dns_config": [],
            "enable_autopilot": false,
            "enable_intranode_visibility": false,
            "enable_k8s_beta_apis": [],
            "enable_kubernetes_alpha": false,
            "enable_l4_ilb_subsetting": false,
            "enable_legacy_abac": false,
            "enable_shielded_nodes": true,
            "enable_tpu": false,
            "endpoint": "34.171.142.237",
            "fleet": [],
            "gateway_api_config": [],
            "id": "projects/dspl-24-poc/locations/us-central1/clusters/dev-cluster",
            "identity_service_config": [],
            "initial_node_count": 1,
            "ip_allocation_policy": [
              {
                "additional_pod_ranges_config": [],
                "cluster_ipv4_cidr_block": "10.2.0.0/20",
                "cluster_secondary_range_name": "gke-pods",
                "pod_cidr_overprovision_config": [
                  {
                    "disabled": false
                  }
                ],
                "services_ipv4_cidr_block": "10.3.0.0/20",
                "services_secondary_range_name": "gke-services",
                "stack_type": "IPV4"
              }
            ],
            "label_fingerprint": "a9dc16a7",
            "location": "us-central1",
            "logging_config": [
              {
                "enable_components": [
                  "SYSTEM_COMPONENTS",
                  "WORKLOADS"
                ]
              }
            ],
            "logging_service": "logging.googleapis.com/kubernetes",
            "maintenance_policy": [],
            "master_auth": [
              {
                "client_certificate": "",
                "client_certificate_config": [
                  {
                    "issue_client_certificate": false
                  }
                ],
                "client_key": "",
                "cluster_ca_certificate": "LS0tLS1CRUdJTiBDRVJUSUZJQ0FURS0tLS0tCk1JSUVMRENDQXBTZ0F3SUJBZ0lRUkVMc1Uvcy9kTGRZSGNLL1NNOVlUakFOQmdrcWhraUc5dzBCQVFzRkFEQXYKTVMwd0t3WURWUVFERXlRd1pHVmxZakE0TWkwd1pqbGpMVFJoTUdNdE9XWTJOQzFqTW1FNE5qRmxNVFJqTm1NdwpJQmNOTWpReE1qTXdNRGd6TXpNeldoZ1BNakExTkRFeU1qTXdPVE16TXpOYU1DOHhMVEFyQmdOVkJBTVRKREJrClpXVmlNRGd5TFRCbU9XTXROR0V3WXkwNVpqWTBMV015WVRnMk1XVXhOR00yWXpDQ0FhSXdEUVlKS29aSWh2Y04KQVFFQkJRQURnZ0dQQURDQ0FZb0NnZ0dCQUpsQk1QOUdLdldGb1JMbWpoQ1V6N28yYU54YWhMUjJhQkQrY0tBTgovSWtmQk5iT3E3cUo2bGw3OG5qWFA4dGRRWmlLNU5WZ1F4R1Z2aSt3a0ZTSnNadTJRQlVzTGlrOEpzSkdDbzh3ClR3Tk4vR1hQSDloQURnSDFYNkh0b0N2b2hQaWsrVGtQNXZQQ0orU2s0OEYxTjFLSjMza2FoR3FkVWhQd1U4Q1kKbzZETFNScTF5NFhhb3BOTVR4UzVEc0d4TXluNHFpYVF1c3NyVVlYL0tZMFI3TXpCekhoQ29IUjcxVjBBOUJ4WAovbitMRFRINjdMbENGNnk2RU56MXVGbm15WTVabEFVSS9veFd2NDNRRWlSR2gxR0kyOVg1Yk9vUklObU5KQXFtCmNONTA2VXFzd0U0am5LanVCOWpMa0drQkhrUWZjVU1LRi9sMTN2dk9ESVY3bUVnMFhJQWQwUXNqeEgzQmtCOU8KalllN0Vwd09sYzJiQys4YnVSZVNNam0zY1JGQ0hUam55QUtiRlhWSkw2Uzk2bCtJREt4L1hQN2ZCL2d5VHdrTApiV09ySVBIKzB4dmo4QXJuSHJmZVRISmF5dGFIblNuMDFIb2oxc0NxaGVCS1A4SHZjWHc2ZjFBb0Z5WWdGbjVVCk9zNDQyUmJpZm41SUpYZEUwSTVaS1BzS2dRSURBUUFCbzBJd1FEQU9CZ05WSFE4QkFmOEVCQU1DQWdRd0R3WUQKVlIwVEFRSC9CQVV3QXdFQi96QWRCZ05WSFE0RUZnUVVFWG8xQk42VHgxSEtWS09qTEpBSGZZZkUrejR3RFFZSgpLb1pJaHZjTkFRRUxCUUFEZ2dHQkFJYnlwUUJFbmlOWXBlcGl6alZpclQyYmRwQ3E1bnNBUWhtSDd6UUJ3YkJuClNCc3RPYUZWN2NmYmF5UHQ1K1E2OFhDL25lRzRVWnhQVW1UTllXUHl3dlhmQXUzTHRsNFVEVEZtZ3YzbEM3T0YKeFFpdTdiQ2ZoNmpZQytIOCttZTU5aGh3a1h4VmV0akVzZmRHY0FsUG1XaDM4UWVpYWp4SDdwU0NWNFBFSjFBaQpydml2TUFPY1hOTjhDZElRQ2JZWXlERk5haE9veG9iQk52N2NwRm5NUmkzazVDbGRlTWt2b0ZkUE0wVDVzSUxUCmRKdGoyZ3djU0JVYkNoYUorSzdieDVla2F4OG5ZT0pXYW5BTEZ6MmN3c2tKNWpVUGtTTk5ZRkQycFdDdXo4WTgKbGhISk41MzMwMllnemVDRXpWM1FkM0hKcHlsOXBqSXJ1TkUrUGhIR3lyTjhjVThHMkF5NGg0aStLaURoTTVIWQpUY1o5YXNDYk8zNzVabFc4WE5ZMTRRUXg3MlFueHphR2wzREQxVWc4aG9lZWNtUXRhdkUveExvbmZ2ZVpveHJkCmhyaHFjZ0psK1BOL2ZmVDg5U0FFZzZpNVl0NFV3cEY2ejRBUXdTdUJyTDQyLzhjQmJaay9oVlFCZ2sybzczNHIKdEtYOXVPdVczUlNTemI4Y2t1ZVRDUT09Ci0tLS0tRU5EIENFUlRJRklDQVRFLS0tLS0K"
              }
            ],
            "master_authorized_networks_config": [],
            "master_version": "1.30.6-gke.1125000",
            "mesh_certificates": [],
            "min_master_version": null,
            "monitoring_config": [
              {
                "advanced_datapath_observability_config": [
                  {
                    "enable_metrics": false,
                    "relay_mode": ""
                  }
                ],
                "enable_components": [
                  "SYSTEM_COMPONENTS",
                  "STORAGE",
                  "HPA",
                  "POD",
                  "DAEMONSET",
                  "DEPLOYMENT",
                  "STATEFULSET",
                  "CADVISOR",
                  "KUBELET"
                ],
                "managed_prometheus": [
                  {
                    "enabled": true
                  }
                ]
              }
            ],
            "monitoring_service": "monitoring.googleapis.com/kubernetes",
            "name": "dev-cluster",
            "network": "projects/dspl-24-poc/global/networks/my-vpc",
            "network_policy": [
              {
                "enabled": true,
                "provider": "CALICO"
              }
            ],
            "networking_mode": "VPC_NATIVE",
            "node_config": [
              {
                "advanced_machine_features": [],
                "boot_disk_kms_key": "",
                "confidential_nodes": [],
                "disk_size_gb": 100,
                "disk_type": "pd-standard",
                "effective_taints": [],
                "ephemeral_storage_local_ssd_config": [],
                "fast_socket": [],
                "gcfs_config": [],
                "guest_accelerator": [],
                "gvnic": [],
                "host_maintenance_policy": [],
                "image_type": "COS_CONTAINERD",
                "kubelet_config": [
                  {
                    "cpu_cfs_quota": false,
                    "cpu_cfs_quota_period": "",
                    "cpu_manager_policy": "",
                    "pod_pids_limit": 0
                  }
                ],
                "labels": {},
                "linux_node_config": [],
                "local_nvme_ssd_block_config": [],
                "local_ssd_count": 0,
                "logging_variant": "DEFAULT",
                "machine_type": "e2-medium",
                "metadata": {
                  "disable-legacy-endpoints": "true"
                },
                "min_cpu_platform": "",
                "node_group": "",
                "oauth_scopes": [
                  "https://www.googleapis.com/auth/cloud-platform"
                ],
                "preemptible": false,
                "reservation_affinity": [],
                "resource_labels": {},
                "service_account": "dev-cluster-sa@dspl-24-poc.iam.gserviceaccount.com",
                "shielded_instance_config": [
                  {
                    "enable_integrity_monitoring": true,
                    "enable_secure_boot": false
                  }
                ],
                "sole_tenant_config": [],
                "spot": false,
                "tags": [],
                "taint": [],
                "workload_metadata_config": [
                  {
                    "mode": "GKE_METADATA"
                  }
                ]
              }
            ],
            "node_locations": [
              "us-central1-b",
              "us-central1-c",
              "us-central1-f"
            ],
            "node_pool": [
              {
                "autoscaling": [
                  {
                    "location_policy": "BALANCED",
                    "max_node_count": 3,
                    "min_node_count": 1,
                    "total_max_node_count": 0,
                    "total_min_node_count": 0
                  }
                ],
                "initial_node_count": 1,
                "instance_group_urls": [
                  "https://www.googleapis.com/compute/v1/projects/dspl-24-poc/zones/us-central1-f/instanceGroupManagers/gke-dev-cluster-default-pool-63426777-grp",
                  "https://www.googleapis.com/compute/v1/projects/dspl-24-poc/zones/us-central1-b/instanceGroupManagers/gke-dev-cluster-default-pool-9da96fa1-grp",
                  "https://www.googleapis.com/compute/v1/projects/dspl-24-poc/zones/us-central1-c/instanceGroupManagers/gke-dev-cluster-default-pool-b0e9b3c6-grp"
                ],
                "managed_instance_group_urls": [
                  "https://www.googleapis.com/compute/v1/projects/dspl-24-poc/zones/us-central1-f/instanceGroups/gke-dev-cluster-default-pool-63426777-grp",
                  "https://www.googleapis.com/compute/v1/projects/dspl-24-poc/zones/us-central1-b/instanceGroups/gke-dev-cluster-default-pool-9da96fa1-grp",
                  "https://www.googleapis.com/compute/v1/projects/dspl-24-poc/zones/us-central1-c/instanceGroups/gke-dev-cluster-default-pool-b0e9b3c6-grp"
                ],
                "management": [
                  {
                    "auto_repair": true,
                    "auto_upgrade": true
                  }
                ],
                "max_pods_per_node": 110,
                "name": "default-pool",
                "name_prefix": "",
                "network_config": [
                  {
                    "create_pod_range": false,
                    "enable_private_nodes": true,
                    "network_performance_config": [],
                    "pod_cidr_overprovision_config": [],
                    "pod_ipv4_cidr_block": "10.2.0.0/20",
                    "pod_range": "gke-pods"
                  }
                ],
                "node_config": [
                  {
                    "advanced_machine_features": [],
                    "boot_disk_kms_key": "",
                    "confidential_nodes": [],
                    "disk_size_gb": 100,
                    "disk_type": "pd-standard",
                    "effective_taints": [],
                    "ephemeral_storage_local_ssd_config": [],
                    "fast_socket": [],
                    "gcfs_config": [],
                    "guest_accelerator": [],
                    "gvnic": [],
                    "host_maintenance_policy": [],
                    "image_type": "COS_CONTAINERD",
                    "kubelet_config": [
                      {
                        "cpu_cfs_quota": false,
                        "cpu_cfs_quota_period": "",
                        "cpu_manager_policy": "",
                        "pod_pids_limit": 0
                      }
                    ],
                    "labels": {},
                    "linux_node_config": [],
                    "local_nvme_ssd_block_config": [],
                    "local_ssd_count": 0,
                    "logging_variant": "DEFAULT",
                    "machine_type": "e2-medium",
                    "metadata": {
                      "disable-legacy-endpoints": "true"
                    },
                    "min_cpu_platform": "",
                    "node_group": "",
                    "oauth_scopes": [
                      "https://www.googleapis.com/auth/cloud-platform"
                    ],
                    "preemptible": false,
                    "reservation_affinity": [],
                    "resource_labels": {},
                    "service_account": "dev-cluster-sa@dspl-24-poc.iam.gserviceaccount.com",
                    "shielded_instance_config": [
                      {
                        "enable_integrity_monitoring": true,
                        "enable_secure_boot": false
                      }
                    ],
                    "sole_tenant_config": [],
                    "spot": false,
                    "tags": [],
                    "taint": [],
                    "workload_metadata_config": [
                      {
                        "mode": "GKE_METADATA"
                      }
                    ]
                  }
                ],
                "node_count": 1,
                "node_locations": [
                  "us-central1-b",
                  "us-central1-c",
                  "us-central1-f"
                ],
                "placement_policy": [],
                "upgrade_settings": [
                  {
                    "blue_green_settings": [],
                    "max_surge": 1,
                    "max_unavailable": 0,
                    "strategy": "SURGE"
                  }
                ],
                "version": "1.30.6-gke.1125000"
              }
            ],
            "node_pool_auto_config": [],
            "node_pool_defaults": [
              {
                "node_config_defaults": [
                  {
                    "logging_variant": "DEFAULT"
                  }
                ]
              }
            ],
            "node_version": "1.30.6-gke.1125000",
            "notification_config": [
              {
                "pubsub": [
                  {
                    "enabled": false,
                    "filter": [],
                    "topic": ""
                  }
                ]
              }
            ],
            "operation": null,
            "private_cluster_config": [
              {
                "enable_private_endpoint": false,
                "enable_private_nodes": true,
                "master_global_access_config": [
                  {
                    "enabled": false
                  }
                ],
                "master_ipv4_cidr_block": "172.16.0.0/28",
                "peering_name": "",
                "private_endpoint": "172.16.0.2",
                "private_endpoint_subnetwork": "",
                "public_endpoint": "34.171.142.237"
              }
            ],
            "private_ipv6_google_access": "",
            "project": "dspl-24-poc",
            "release_channel": [
              {
                "channel": "REGULAR"
              }
            ],
            "remove_default_node_pool": null,
            "resource_labels": {},
            "resource_usage_export_config": [],
            "security_posture_config": [
              {
                "mode": "BASIC",
                "vulnerability_mode": "VULNERABILITY_MODE_UNSPECIFIED"
              }
            ],
            "self_link": "https://container.googleapis.com/v1/projects/dspl-24-poc/locations/us-central1/clusters/dev-cluster",
            "service_external_ips_config": [
              {
                "enabled": false
              }
            ],
            "services_ipv4_cidr": "10.3.0.0/20",
            "subnetwork": "projects/dspl-24-poc/regions/us-central1/subnetworks/gke-subnet",
            "timeouts": null,
            "tpu_ipv4_cidr_block": "",
            "vertical_pod_autoscaling": [],
            "workload_identity_config": [
              {
                "workload_pool": "dspl-24-poc.svc.id.goog"
              }
            ]
          },
          "sensitive_attributes": [
            [
              {
                "type": "get_attr",
                "value": "master_auth"
              },
              {
                "type": "index",
                "value": {
                  "value": 0,
                  "type": "number"
                }
              },
              {
                "type": "get_attr",
                "value": "client_key"
              }
            ]
          ],
          "private": "eyJlMmJmYjczMC1lY2FhLTExZTYtOGY4OC0zNDM2M2JjN2M0YzAiOnsiY3JlYXRlIjoyNDAwMDAwMDAwMDAwLCJkZWxldGUiOjI0MDAwMDAwMDAwMDAsInJlYWQiOjI0MDAwMDAwMDAwMDAsInVwZGF0ZSI6MzYwMDAwMDAwMDAwMH0sInNjaGVtYV92ZXJzaW9uIjoiMiJ9",
          "dependencies": [
            "module.gke.google_service_account.gke_sa",
            "module.service-accounts.google_project_iam_member.backend_sa_cloudsql",
            "module.service-accounts.google_project_iam_member.gke_sa_roles",
            "module.service-accounts.google_service_account.backend_sa",
            "module.service-accounts.google_service_account.gke_sa",
            "module.service-accounts.google_service_account_iam_binding.workload_identity_binding",
            "module.vpc.google_compute_firewall.rules",
            "module.vpc.google_compute_global_address.private_ip_address",
            "module.vpc.google_compute_global_address.private_ip_alloc",
            "module.vpc.google_compute_network.vpc",
            "module.vpc.google_compute_router.router",
            "module.vpc.google_compute_router_nat.nat",
            "module.vpc.google_compute_subnetwork.subnets",
            "module.vpc.google_service_networking_connection.private_vpc_connection"
          ]
        }
      ]
    },
    {
      "module": "module.gke",
      "mode": "managed",
      "type": "google_container_node_pool",
      "name": "pools",
      "provider": "provider[\"registry.terraform.io/hashicorp/google\"]",
      "instances": [
        {
          "schema_version": 1,
          "attributes": {
            "autoscaling": [
              {
                "location_policy": "BALANCED",
                "max_node_count": 3,
                "min_node_count": 1,
                "total_max_node_count": 0,
                "total_min_node_count": 0
              }
            ],
            "cluster": "dev-cluster",
            "id": "projects/dspl-24-poc/locations/us-central1/clusters/dev-cluster/nodePools/default-pool",
            "initial_node_count": 1,
            "instance_group_urls": [
              "https://www.googleapis.com/compute/v1/projects/dspl-24-poc/zones/us-central1-f/instanceGroupManagers/gke-dev-cluster-default-pool-63426777-grp",
              "https://www.googleapis.com/compute/v1/projects/dspl-24-poc/zones/us-central1-b/instanceGroupManagers/gke-dev-cluster-default-pool-9da96fa1-grp",
              "https://www.googleapis.com/compute/v1/projects/dspl-24-poc/zones/us-central1-c/instanceGroupManagers/gke-dev-cluster-default-pool-b0e9b3c6-grp"
            ],
            "location": "us-central1",
            "managed_instance_group_urls": [
              "https://www.googleapis.com/compute/v1/projects/dspl-24-poc/zones/us-central1-f/instanceGroups/gke-dev-cluster-default-pool-63426777-grp",
              "https://www.googleapis.com/compute/v1/projects/dspl-24-poc/zones/us-central1-b/instanceGroups/gke-dev-cluster-default-pool-9da96fa1-grp",
              "https://www.googleapis.com/compute/v1/projects/dspl-24-poc/zones/us-central1-c/instanceGroups/gke-dev-cluster-default-pool-b0e9b3c6-grp"
            ],
            "management": [
              {
                "auto_repair": true,
                "auto_upgrade": true
              }
            ],
            "max_pods_per_node": 110,
            "name": "default-pool",
            "name_prefix": "",
            "network_config": [
              {
                "create_pod_range": false,
                "enable_private_nodes": true,
                "network_performance_config": [],
                "pod_cidr_overprovision_config": [],
                "pod_ipv4_cidr_block": "10.2.0.0/20",
                "pod_range": "gke-pods"
              }
            ],
            "node_config": [
              {
                "advanced_machine_features": [],
                "boot_disk_kms_key": "",
                "confidential_nodes": [],
                "disk_size_gb": 100,
                "disk_type": "pd-standard",
                "effective_taints": [],
                "ephemeral_storage_local_ssd_config": [],
                "fast_socket": [],
                "gcfs_config": [],
                "guest_accelerator": [],
                "gvnic": [],
                "host_maintenance_policy": [],
                "image_type": "COS_CONTAINERD",
                "kubelet_config": [
                  {
                    "cpu_cfs_quota": false,
                    "cpu_cfs_quota_period": "",
                    "cpu_manager_policy": "",
                    "pod_pids_limit": 0
                  }
                ],
                "labels": {},
                "linux_node_config": [],
                "local_nvme_ssd_block_config": [],
                "local_ssd_count": 0,
                "logging_variant": "DEFAULT",
                "machine_type": "e2-medium",
                "metadata": {
                  "disable-legacy-endpoints": "true"
                },
                "min_cpu_platform": "",
                "node_group": "",
                "oauth_scopes": [
                  "https://www.googleapis.com/auth/cloud-platform"
                ],
                "preemptible": false,
                "reservation_affinity": [],
                "resource_labels": {},
                "service_account": "dev-cluster-sa@dspl-24-poc.iam.gserviceaccount.com",
                "shielded_instance_config": [
                  {
                    "enable_integrity_monitoring": true,
                    "enable_secure_boot": false
                  }
                ],
                "sole_tenant_config": [],
                "spot": false,
                "tags": [],
                "taint": [],
                "workload_metadata_config": [
                  {
                    "mode": "GKE_METADATA"
                  }
                ]
              }
            ],
            "node_count": 1,
            "node_locations": [
              "us-central1-b",
              "us-central1-c",
              "us-central1-f"
            ],
            "operation": null,
            "placement_policy": [],
            "project": "dspl-24-poc",
            "timeouts": null,
            "upgrade_settings": [
              {
                "blue_green_settings": [],
                "max_surge": 1,
                "max_unavailable": 0,
                "strategy": "SURGE"
              }
            ],
            "version": "1.30.6-gke.1125000"
          },
          "sensitive_attributes": [],
          "private": "eyJlMmJmYjczMC1lY2FhLTExZTYtOGY4OC0zNDM2M2JjN2M0YzAiOnsiY3JlYXRlIjoxODAwMDAwMDAwMDAwLCJkZWxldGUiOjE4MDAwMDAwMDAwMDAsInVwZGF0ZSI6MTgwMDAwMDAwMDAwMH0sInNjaGVtYV92ZXJzaW9uIjoiMSJ9",
          "dependencies": [
            "module.gke.google_container_cluster.primary",
            "module.gke.google_service_account.gke_sa",
            "module.service-accounts.google_project_iam_member.backend_sa_cloudsql",
            "module.service-accounts.google_project_iam_member.gke_sa_roles",
            "module.service-accounts.google_service_account.backend_sa",
            "module.service-accounts.google_service_account.gke_sa",
            "module.service-accounts.google_service_account_iam_binding.workload_identity_binding",
            "module.vpc.google_compute_firewall.rules",
            "module.vpc.google_compute_global_address.private_ip_address",
            "module.vpc.google_compute_global_address.private_ip_alloc",
            "module.vpc.google_compute_network.vpc",
            "module.vpc.google_compute_router.router",
            "module.vpc.google_compute_router_nat.nat",
            "module.vpc.google_compute_subnetwork.subnets",
            "module.vpc.google_service_networking_connection.private_vpc_connection"
          ]
        }
      ]
    },
    {
      "module": "module.gke",
      "mode": "managed",
      "type": "google_project_iam_member",
      "name": "backend_sa_cloudsql",
      "provider": "provider[\"registry.terraform.io/hashicorp/google\"]",
      "instances": [
        {
          "schema_version": 0,
          "attributes": {
            "condition": [],
            "etag": "BwYqfHjw6Wo=",
            "id": "dspl-24-poc/roles/cloudsql.client/serviceAccount:backend-sa@dspl-24-poc.iam.gserviceaccount.com",
            "member": "serviceAccount:backend-sa@dspl-24-poc.iam.gserviceaccount.com",
            "project": "dspl-24-poc",
            "role": "roles/cloudsql.client"
          },
          "sensitive_attributes": [],
          "private": "bnVsbA==",
          "dependencies": [
            "module.gke.google_service_account.backend_sa",
            "module.service-accounts.google_project_iam_member.backend_sa_cloudsql",
            "module.service-accounts.google_project_iam_member.gke_sa_roles",
            "module.service-accounts.google_service_account.backend_sa",
            "module.service-accounts.google_service_account.gke_sa",
            "module.service-accounts.google_service_account_iam_binding.workload_identity_binding"
          ]
        }
      ]
    },
    {
      "module": "module.gke",
      "mode": "managed",
      "type": "google_project_iam_member",
      "name": "gke_sa_roles",
      "provider": "provider[\"registry.terraform.io/hashicorp/google\"]",
      "instances": [
        {
          "index_key": "roles/compute.networkUser",
          "schema_version": 0,
          "attributes": {
            "condition": [],
            "etag": "BwYqfHjw6Wo=",
            "id": "dspl-24-poc/roles/compute.networkUser/serviceAccount:dev-cluster-sa@dspl-24-poc.iam.gserviceaccount.com",
            "member": "serviceAccount:dev-cluster-sa@dspl-24-poc.iam.gserviceaccount.com",
            "project": "dspl-24-poc",
            "role": "roles/compute.networkUser"
          },
          "sensitive_attributes": [],
          "private": "bnVsbA==",
          "dependencies": [
            "module.gke.google_service_account.gke_sa",
            "module.service-accounts.google_project_iam_member.backend_sa_cloudsql",
            "module.service-accounts.google_project_iam_member.gke_sa_roles",
            "module.service-accounts.google_service_account.backend_sa",
            "module.service-accounts.google_service_account.gke_sa",
            "module.service-accounts.google_service_account_iam_binding.workload_identity_binding"
          ]
        },
        {
          "index_key": "roles/container.nodeServiceAccount",
          "schema_version": 0,
          "attributes": {
            "condition": [],
            "etag": "BwYqfHjw6Wo=",
            "id": "dspl-24-poc/roles/container.nodeServiceAccount/serviceAccount:dev-cluster-sa@dspl-24-poc.iam.gserviceaccount.com",
            "member": "serviceAccount:dev-cluster-sa@dspl-24-poc.iam.gserviceaccount.com",
            "project": "dspl-24-poc",
            "role": "roles/container.nodeServiceAccount"
          },
          "sensitive_attributes": [],
          "private": "bnVsbA==",
          "dependencies": [
            "module.gke.google_service_account.gke_sa",
            "module.service-accounts.google_project_iam_member.backend_sa_cloudsql",
            "module.service-accounts.google_project_iam_member.gke_sa_roles",
            "module.service-accounts.google_service_account.backend_sa",
            "module.service-accounts.google_service_account.gke_sa",
            "module.service-accounts.google_service_account_iam_binding.workload_identity_binding"
          ]
        },
        {
          "index_key": "roles/logging.logWriter",
          "schema_version": 0,
          "attributes": {
            "condition": [],
            "etag": "BwYqfHjw6Wo=",
            "id": "dspl-24-poc/roles/logging.logWriter/serviceAccount:dev-cluster-sa@dspl-24-poc.iam.gserviceaccount.com",
            "member": "serviceAccount:dev-cluster-sa@dspl-24-poc.iam.gserviceaccount.com",
            "project": "dspl-24-poc",
            "role": "roles/logging.logWriter"
          },
          "sensitive_attributes": [],
          "private": "bnVsbA==",
          "dependencies": [
            "module.gke.google_service_account.gke_sa",
            "module.service-accounts.google_project_iam_member.backend_sa_cloudsql",
            "module.service-accounts.google_project_iam_member.gke_sa_roles",
            "module.service-accounts.google_service_account.backend_sa",
            "module.service-accounts.google_service_account.gke_sa",
            "module.service-accounts.google_service_account_iam_binding.workload_identity_binding"
          ]
        },
        {
          "index_key": "roles/monitoring.metricWriter",
          "schema_version": 0,
          "attributes": {
            "condition": [],
            "etag": "BwYqfHjw6Wo=",
            "id": "dspl-24-poc/roles/monitoring.metricWriter/serviceAccount:dev-cluster-sa@dspl-24-poc.iam.gserviceaccount.com",
            "member": "serviceAccount:dev-cluster-sa@dspl-24-poc.iam.gserviceaccount.com",
            "project": "dspl-24-poc",
            "role": "roles/monitoring.metricWriter"
          },
          "sensitive_attributes": [],
          "private": "bnVsbA==",
          "dependencies": [
            "module.gke.google_service_account.gke_sa",
            "module.service-accounts.google_project_iam_member.backend_sa_cloudsql",
            "module.service-accounts.google_project_iam_member.gke_sa_roles",
            "module.service-accounts.google_service_account.backend_sa",
            "module.service-accounts.google_service_account.gke_sa",
            "module.service-accounts.google_service_account_iam_binding.workload_identity_binding"
          ]
        },
        {
          "index_key": "roles/monitoring.viewer",
          "schema_version": 0,
          "attributes": {
            "condition": [],
            "etag": "BwYqfHjw6Wo=",
            "id": "dspl-24-poc/roles/monitoring.viewer/serviceAccount:dev-cluster-sa@dspl-24-poc.iam.gserviceaccount.com",
            "member": "serviceAccount:dev-cluster-sa@dspl-24-poc.iam.gserviceaccount.com",
            "project": "dspl-24-poc",
            "role": "roles/monitoring.viewer"
          },
          "sensitive_attributes": [],
          "private": "bnVsbA==",
          "dependencies": [
            "module.gke.google_service_account.gke_sa",
            "module.service-accounts.google_project_iam_member.backend_sa_cloudsql",
            "module.service-accounts.google_project_iam_member.gke_sa_roles",
            "module.service-accounts.google_service_account.backend_sa",
            "module.service-accounts.google_service_account.gke_sa",
            "module.service-accounts.google_service_account_iam_binding.workload_identity_binding"
          ]
        },
        {
          "index_key": "roles/storage.objectViewer",
          "schema_version": 0,
          "attributes": {
            "condition": [],
            "etag": "BwYqfHjw6Wo=",
            "id": "dspl-24-poc/roles/storage.objectViewer/serviceAccount:dev-cluster-sa@dspl-24-poc.iam.gserviceaccount.com",
            "member": "serviceAccount:dev-cluster-sa@dspl-24-poc.iam.gserviceaccount.com",
            "project": "dspl-24-poc",
            "role": "roles/storage.objectViewer"
          },
          "sensitive_attributes": [],
          "private": "bnVsbA==",
          "dependencies": [
            "module.gke.google_service_account.gke_sa",
            "module.service-accounts.google_project_iam_member.backend_sa_cloudsql",
            "module.service-accounts.google_project_iam_member.gke_sa_roles",
            "module.service-accounts.google_service_account.backend_sa",
            "module.service-accounts.google_service_account.gke_sa",
            "module.service-accounts.google_service_account_iam_binding.workload_identity_binding"
          ]
        }
      ]
    },
    {
      "module": "module.gke",
      "mode": "managed",
      "type": "google_service_account",
      "name": "backend_sa",
      "provider": "provider[\"registry.terraform.io/hashicorp/google\"]",
      "instances": [
        {
          "schema_version": 0,
          "attributes": {
            "account_id": "backend-sa",
            "description": "",
            "disabled": false,
            "display_name": "Backend Application Service Account",
            "email": "backend-sa@dspl-24-poc.iam.gserviceaccount.com",
            "id": "projects/dspl-24-poc/serviceAccounts/backend-sa@dspl-24-poc.iam.gserviceaccount.com",
            "member": "serviceAccount:backend-sa@dspl-24-poc.iam.gserviceaccount.com",
            "name": "projects/dspl-24-poc/serviceAccounts/backend-sa@dspl-24-poc.iam.gserviceaccount.com",
            "project": "dspl-24-poc",
            "timeouts": {
              "create": null
            },
            "unique_id": "100628460619503613665"
          },
          "sensitive_attributes": [],
          "private": "eyJlMmJmYjczMC1lY2FhLTExZTYtOGY4OC0zNDM2M2JjN2M0YzAiOnsiY3JlYXRlIjozMDAwMDAwMDAwMDB9LCJzY2hlbWFfdmVyc2lvbiI6IjAifQ==",
          "dependencies": [
            "module.service-accounts.google_project_iam_member.backend_sa_cloudsql",
            "module.service-accounts.google_project_iam_member.gke_sa_roles",
            "module.service-accounts.google_service_account.backend_sa",
            "module.service-accounts.google_service_account.gke_sa",
            "module.service-accounts.google_service_account_iam_binding.workload_identity_binding"
          ]
        }
      ]
    },
    {
      "module": "module.gke",
      "mode": "managed",
      "type": "google_service_account",
      "name": "gke_sa",
      "provider": "provider[\"registry.terraform.io/hashicorp/google\"]",
      "instances": [
        {
          "schema_version": 0,
          "attributes": {
            "account_id": "dev-cluster-sa",
            "description": "",
            "disabled": false,
            "display_name": "GKE Service Account for dev-cluster",
            "email": "dev-cluster-sa@dspl-24-poc.iam.gserviceaccount.com",
            "id": "projects/dspl-24-poc/serviceAccounts/dev-cluster-sa@dspl-24-poc.iam.gserviceaccount.com",
            "member": "serviceAccount:dev-cluster-sa@dspl-24-poc.iam.gserviceaccount.com",
            "name": "projects/dspl-24-poc/serviceAccounts/dev-cluster-sa@dspl-24-poc.iam.gserviceaccount.com",
            "project": "dspl-24-poc",
            "timeouts": null,
            "unique_id": "118319698621813314545"
          },
          "sensitive_attributes": [],
          "private": "eyJlMmJmYjczMC1lY2FhLTExZTYtOGY4OC0zNDM2M2JjN2M0YzAiOnsiY3JlYXRlIjozMDAwMDAwMDAwMDB9fQ==",
          "dependencies": [
            "module.service-accounts.google_project_iam_member.backend_sa_cloudsql",
            "module.service-accounts.google_project_iam_member.gke_sa_roles",
            "module.service-accounts.google_service_account.backend_sa",
            "module.service-accounts.google_service_account.gke_sa",
            "module.service-accounts.google_service_account_iam_binding.workload_identity_binding"
          ]
        }
      ]
    },
    {
      "module": "module.gke",
      "mode": "managed",
      "type": "google_service_account_iam_binding",
      "name": "workload_identity_binding",
      "provider": "provider[\"registry.terraform.io/hashicorp/google\"]",
      "instances": [
        {
          "schema_version": 0,
          "attributes": {
            "condition": [],
            "etag": "BwYqdlTGgqQ=",
            "id": "projects/dspl-24-poc/serviceAccounts/backend-sa@dspl-24-poc.iam.gserviceaccount.com/roles/iam.workloadIdentityUser",
            "members": [
              "serviceAccount:dspl-24-poc.svc.id.goog[default/backend-sa]"
            ],
            "role": "roles/iam.workloadIdentityUser",
            "service_account_id": "projects/dspl-24-poc/serviceAccounts/backend-sa@dspl-24-poc.iam.gserviceaccount.com"
          },
          "sensitive_attributes": [],
          "private": "bnVsbA==",
          "dependencies": [
            "module.gke.google_service_account.backend_sa",
            "module.service-accounts.google_project_iam_member.backend_sa_cloudsql",
            "module.service-accounts.google_project_iam_member.gke_sa_roles",
            "module.service-accounts.google_service_account.backend_sa",
            "module.service-accounts.google_service_account.gke_sa",
            "module.service-accounts.google_service_account_iam_binding.workload_identity_binding"
          ]
        }
      ]
    },
    {
      "module": "module.gke",
      "mode": "managed",
      "type": "random_id",
      "name": "node_suffix",
      "provider": "provider[\"registry.terraform.io/hashicorp/random\"]",
      "instances": [
        {
          "schema_version": 0,
          "attributes": {
            "b64_std": "uF44kw==",
            "b64_url": "uF44kw",
            "byte_length": 4,
            "dec": "3093182611",
            "hex": "b85e3893",
            "id": "uF44kw",
            "keepers": null,
            "prefix": null
          },
          "sensitive_attributes": [],
          "dependencies": [
            "module.service-accounts.google_project_iam_member.backend_sa_cloudsql",
            "module.service-accounts.google_project_iam_member.gke_sa_roles",
            "module.service-accounts.google_service_account.backend_sa",
            "module.service-accounts.google_service_account.gke_sa",
            "module.service-accounts.google_service_account_iam_binding.workload_identity_binding"
          ]
        }
      ]
    },
    {
      "module": "module.service-accounts",
      "mode": "managed",
      "type": "google_project_iam_member",
      "name": "backend_sa_cloudsql",
      "provider": "provider[\"registry.terraform.io/hashicorp/google\"]",
      "instances": [
        {
          "schema_version": 0,
          "attributes": {
            "condition": [],
            "etag": "BwYqfHjw6Wo=",
            "id": "dspl-24-poc/roles/cloudsql.client/serviceAccount:backend-sa@dspl-24-poc.iam.gserviceaccount.com",
            "member": "serviceAccount:backend-sa@dspl-24-poc.iam.gserviceaccount.com",
            "project": "dspl-24-poc",
            "role": "roles/cloudsql.client"
          },
          "sensitive_attributes": [],
          "private": "bnVsbA==",
          "dependencies": [
            "module.service-accounts.google_service_account.backend_sa"
          ]
        }
      ]
    },
    {
      "module": "module.service-accounts",
      "mode": "managed",
      "type": "google_project_iam_member",
      "name": "gke_sa_roles",
      "provider": "provider[\"registry.terraform.io/hashicorp/google\"]",
      "instances": [
        {
          "index_key": "roles/logging.logWriter",
          "schema_version": 0,
          "attributes": {
            "condition": [],
            "etag": "BwYqfHjw6Wo=",
            "id": "dspl-24-poc/roles/logging.logWriter/serviceAccount:gke-node-sa@dspl-24-poc.iam.gserviceaccount.com",
            "member": "serviceAccount:gke-node-sa@dspl-24-poc.iam.gserviceaccount.com",
            "project": "dspl-24-poc",
            "role": "roles/logging.logWriter"
          },
          "sensitive_attributes": [],
          "private": "bnVsbA==",
          "dependencies": [
            "module.service-accounts.google_service_account.gke_sa"
          ]
        },
        {
          "index_key": "roles/monitoring.metricWriter",
          "schema_version": 0,
          "attributes": {
            "condition": [],
            "etag": "BwYqfHjw6Wo=",
            "id": "dspl-24-poc/roles/monitoring.metricWriter/serviceAccount:gke-node-sa@dspl-24-poc.iam.gserviceaccount.com",
            "member": "serviceAccount:gke-node-sa@dspl-24-poc.iam.gserviceaccount.com",
            "project": "dspl-24-poc",
            "role": "roles/monitoring.metricWriter"
          },
          "sensitive_attributes": [],
          "private": "bnVsbA==",
          "dependencies": [
            "module.service-accounts.google_service_account.gke_sa"
          ]
        },
        {
          "index_key": "roles/monitoring.viewer",
          "schema_version": 0,
          "attributes": {
            "condition": [],
            "etag": "BwYqfHjw6Wo=",
            "id": "dspl-24-poc/roles/monitoring.viewer/serviceAccount:gke-node-sa@dspl-24-poc.iam.gserviceaccount.com",
            "member": "serviceAccount:gke-node-sa@dspl-24-poc.iam.gserviceaccount.com",
            "project": "dspl-24-poc",
            "role": "roles/monitoring.viewer"
          },
          "sensitive_attributes": [],
          "private": "bnVsbA==",
          "dependencies": [
            "module.service-accounts.google_service_account.gke_sa"
          ]
        }
      ]
    },
    {
      "module": "module.service-accounts",
      "mode": "managed",
      "type": "google_service_account",
      "name": "backend_sa",
      "provider": "provider[\"registry.terraform.io/hashicorp/google\"]",
      "instances": [
        {
          "schema_version": 0,
          "attributes": {
            "account_id": "backend-sa",
            "description": "",
            "disabled": false,
            "display_name": "Backend Application Service Account",
            "email": "backend-sa@dspl-24-poc.iam.gserviceaccount.com",
            "id": "projects/dspl-24-poc/serviceAccounts/backend-sa@dspl-24-poc.iam.gserviceaccount.com",
            "member": "serviceAccount:backend-sa@dspl-24-poc.iam.gserviceaccount.com",
            "name": "projects/dspl-24-poc/serviceAccounts/backend-sa@dspl-24-poc.iam.gserviceaccount.com",
            "project": "dspl-24-poc",
            "timeouts": {
              "create": null
            },
            "unique_id": "100628460619503613665"
          },
          "sensitive_attributes": [],
          "private": "eyJlMmJmYjczMC1lY2FhLTExZTYtOGY4OC0zNDM2M2JjN2M0YzAiOnsiY3JlYXRlIjozMDAwMDAwMDAwMDB9LCJzY2hlbWFfdmVyc2lvbiI6IjAifQ=="
        }
      ]
    },
    {
      "module": "module.service-accounts",
      "mode": "managed",
      "type": "google_service_account",
      "name": "gke_sa",
      "provider": "provider[\"registry.terraform.io/hashicorp/google\"]",
      "instances": [
        {
          "schema_version": 0,
          "attributes": {
            "account_id": "gke-node-sa",
            "description": "",
            "disabled": false,
            "display_name": "GKE Node Service Account",
            "email": "gke-node-sa@dspl-24-poc.iam.gserviceaccount.com",
            "id": "projects/dspl-24-poc/serviceAccounts/gke-node-sa@dspl-24-poc.iam.gserviceaccount.com",
            "member": "serviceAccount:gke-node-sa@dspl-24-poc.iam.gserviceaccount.com",
            "name": "projects/dspl-24-poc/serviceAccounts/gke-node-sa@dspl-24-poc.iam.gserviceaccount.com",
            "project": "dspl-24-poc",
            "timeouts": {
              "create": null
            },
            "unique_id": "117050579116608114141"
          },
          "sensitive_attributes": [],
          "private": "eyJlMmJmYjczMC1lY2FhLTExZTYtOGY4OC0zNDM2M2JjN2M0YzAiOnsiY3JlYXRlIjozMDAwMDAwMDAwMDB9LCJzY2hlbWFfdmVyc2lvbiI6IjAifQ=="
        }
      ]
    },
    {
      "module": "module.service-accounts",
      "mode": "managed",
      "type": "google_service_account_iam_binding",
      "name": "workload_identity_binding",
      "provider": "provider[\"registry.terraform.io/hashicorp/google\"]",
      "instances": [
        {
          "schema_version": 0,
          "attributes": {
            "condition": [],
            "etag": "BwYqdlTGgqQ=",
            "id": "projects/dspl-24-poc/serviceAccounts/backend-sa@dspl-24-poc.iam.gserviceaccount.com/roles/iam.workloadIdentityUser",
            "members": [
              "serviceAccount:dspl-24-poc.svc.id.goog[default/backend-sa]"
            ],
            "role": "roles/iam.workloadIdentityUser",
            "service_account_id": "projects/dspl-24-poc/serviceAccounts/backend-sa@dspl-24-poc.iam.gserviceaccount.com"
          },
          "sensitive_attributes": [],
          "private": "bnVsbA==",
          "dependencies": [
            "module.service-accounts.google_service_account.backend_sa"
          ]
        }
      ]
    },
    {
      "module": "module.vpc",
      "mode": "managed",
      "type": "google_compute_firewall",
      "name": "rules",
      "provider": "provider[\"registry.terraform.io/hashicorp/google\"]",
      "instances": [
        {
          "index_key": "my-vpc-allow-internal",
          "schema_version": 1,
          "attributes": {
            "allow": [
              {
                "ports": [
                  "22",
                  "80",
                  "443"
                ],
                "protocol": "tcp"
              }
            ],
            "creation_timestamp": "2024-12-29T20:36:20.525-08:00",
            "deny": [],
            "description": "",
            "destination_ranges": [],
            "direction": "INGRESS",
            "disabled": false,
            "enable_logging": null,
            "id": "projects/dspl-24-poc/global/firewalls/allow-internal",
            "log_config": [],
            "name": "allow-internal",
            "network": "https://www.googleapis.com/compute/v1/projects/dspl-24-poc/global/networks/my-vpc",
            "priority": 1000,
            "project": "dspl-24-poc",
            "self_link": "https://www.googleapis.com/compute/v1/projects/dspl-24-poc/global/firewalls/allow-internal",
            "source_ranges": [
              "10.0.0.0/16",
              "10.1.0.0/16"
            ],
            "source_service_accounts": [],
            "source_tags": [],
            "target_service_accounts": [],
            "target_tags": [],
            "timeouts": null
          },
          "sensitive_attributes": [],
          "private": "eyJlMmJmYjczMC1lY2FhLTExZTYtOGY4OC0zNDM2M2JjN2M0YzAiOnsiY3JlYXRlIjoxMjAwMDAwMDAwMDAwLCJkZWxldGUiOjEyMDAwMDAwMDAwMDAsInVwZGF0ZSI6MTIwMDAwMDAwMDAwMH0sInNjaGVtYV92ZXJzaW9uIjoiMSJ9",
          "dependencies": [
            "module.vpc.google_compute_network.vpc"
          ]
        }
      ]
    },
    {
      "module": "module.vpc",
      "mode": "managed",
      "type": "google_compute_global_address",
      "name": "private_ip_address",
      "provider": "provider[\"registry.terraform.io/hashicorp/google\"]",
      "instances": [
        {
          "schema_version": 0,
          "attributes": {
            "address": "10.153.0.0",
            "address_type": "INTERNAL",
            "creation_timestamp": "2024-12-29T20:57:48.340-08:00",
            "description": "",
            "id": "projects/dspl-24-poc/global/addresses/my-instance-private-ip",
            "ip_version": "",
            "name": "my-instance-private-ip",
            "network": "https://www.googleapis.com/compute/v1/projects/dspl-24-poc/global/networks/my-vpc",
            "prefix_length": 16,
            "project": "dspl-24-poc",
            "purpose": "VPC_PEERING",
            "self_link": "https://www.googleapis.com/compute/v1/projects/dspl-24-poc/global/addresses/my-instance-private-ip",
            "timeouts": null
          },
          "sensitive_attributes": [],
          "private": "eyJlMmJmYjczMC1lY2FhLTExZTYtOGY4OC0zNDM2M2JjN2M0YzAiOnsiY3JlYXRlIjoxMjAwMDAwMDAwMDAwLCJkZWxldGUiOjEyMDAwMDAwMDAwMDB9fQ=="
        }
      ]
    },
    {
      "module": "module.vpc",
      "mode": "managed",
      "type": "google_compute_global_address",
      "name": "private_ip_alloc",
      "provider": "provider[\"registry.terraform.io/hashicorp/google\"]",
      "instances": [
        {
          "schema_version": 0,
          "attributes": {
            "address": "10.85.0.0",
            "address_type": "INTERNAL",
            "creation_timestamp": "2024-12-29T20:36:20.513-08:00",
            "description": "",
            "id": "projects/dspl-24-poc/global/addresses/my-vpc-private-ip-alloc",
            "ip_version": "",
            "name": "my-vpc-private-ip-alloc",
            "network": "https://www.googleapis.com/compute/v1/projects/dspl-24-poc/global/networks/my-vpc",
            "prefix_length": 16,
            "project": "dspl-24-poc",
            "purpose": "VPC_PEERING",
            "self_link": "https://www.googleapis.com/compute/v1/projects/dspl-24-poc/global/addresses/my-vpc-private-ip-alloc",
            "timeouts": null
          },
          "sensitive_attributes": [],
          "private": "eyJlMmJmYjczMC1lY2FhLTExZTYtOGY4OC0zNDM2M2JjN2M0YzAiOnsiY3JlYXRlIjoxMjAwMDAwMDAwMDAwLCJkZWxldGUiOjEyMDAwMDAwMDAwMDB9fQ==",
          "dependencies": [
            "module.vpc.google_compute_network.vpc"
          ]
        }
      ]
    },
    {
      "module": "module.vpc",
      "mode": "managed",
      "type": "google_compute_network",
      "name": "vpc",
      "provider": "provider[\"registry.terraform.io/hashicorp/google\"]",
      "instances": [
        {
          "index_key": "my-vpc",
          "schema_version": 0,
          "attributes": {
            "auto_create_subnetworks": false,
            "delete_default_routes_on_create": false,
            "description": "",
            "enable_ula_internal_ipv6": false,
            "gateway_ipv4": "",
            "id": "projects/dspl-24-poc/global/networks/my-vpc",
            "internal_ipv6_range": "",
            "mtu": 0,
            "name": "my-vpc",
            "network_firewall_policy_enforcement_order": "AFTER_CLASSIC_FIREWALL",
            "numeric_id": "7606017115851562456",
            "project": "dspl-24-poc",
            "routing_mode": "REGIONAL",
            "self_link": "https://www.googleapis.com/compute/v1/projects/dspl-24-poc/global/networks/my-vpc",
            "timeouts": null
          },
          "sensitive_attributes": [],
          "private": "eyJlMmJmYjczMC1lY2FhLTExZTYtOGY4OC0zNDM2M2JjN2M0YzAiOnsiY3JlYXRlIjoxMjAwMDAwMDAwMDAwLCJkZWxldGUiOjEyMDAwMDAwMDAwMDAsInVwZGF0ZSI6MTIwMDAwMDAwMDAwMH19",
          "create_before_destroy": true
        }
      ]
    },
    {
      "module": "module.vpc",
      "mode": "managed",
      "type": "google_compute_router",
      "name": "router",
      "provider": "provider[\"registry.terraform.io/hashicorp/google\"]",
      "instances": [
        {
          "index_key": "my-vpc",
          "schema_version": 0,
          "attributes": {
            "bgp": [],
            "creation_timestamp": "2024-12-29T20:36:21.475-08:00",
            "description": "",
            "encrypted_interconnect_router": false,
            "id": "projects/dspl-24-poc/regions/us-central1/routers/my-vpc-router",
            "name": "my-vpc-router",
            "network": "https://www.googleapis.com/compute/v1/projects/dspl-24-poc/global/networks/my-vpc",
            "project": "dspl-24-poc",
            "region": "us-central1",
            "self_link": "https://www.googleapis.com/compute/v1/projects/dspl-24-poc/regions/us-central1/routers/my-vpc-router",
            "timeouts": null
          },
          "sensitive_attributes": [],
          "private": "eyJlMmJmYjczMC1lY2FhLTExZTYtOGY4OC0zNDM2M2JjN2M0YzAiOnsiY3JlYXRlIjoxMjAwMDAwMDAwMDAwLCJkZWxldGUiOjEyMDAwMDAwMDAwMDAsInVwZGF0ZSI6MTIwMDAwMDAwMDAwMH19",
          "dependencies": [
            "module.vpc.google_compute_network.vpc"
          ]
        }
      ]
    },
    {
      "module": "module.vpc",
      "mode": "managed",
      "type": "google_compute_router_nat",
      "name": "nat",
      "provider": "provider[\"registry.terraform.io/hashicorp/google\"]",
      "instances": [
        {
          "index_key": "my-vpc",
          "schema_version": 0,
          "attributes": {
            "drain_nat_ips": [],
            "enable_dynamic_port_allocation": false,
            "enable_endpoint_independent_mapping": false,
            "icmp_idle_timeout_sec": 30,
            "id": "dspl-24-poc/us-central1/my-vpc-router/my-vpc-nat",
            "log_config": [],
            "max_ports_per_vm": 0,
            "min_ports_per_vm": 0,
            "name": "my-vpc-nat",
            "nat_ip_allocate_option": "AUTO_ONLY",
            "nat_ips": [],
            "project": "dspl-24-poc",
            "region": "us-central1",
            "router": "my-vpc-router",
            "rules": [],
            "source_subnetwork_ip_ranges_to_nat": "ALL_SUBNETWORKS_ALL_IP_RANGES",
            "subnetwork": [],
            "tcp_established_idle_timeout_sec": 1200,
            "tcp_time_wait_timeout_sec": 120,
            "tcp_transitory_idle_timeout_sec": 30,
            "timeouts": null,
            "udp_idle_timeout_sec": 30
          },
          "sensitive_attributes": [],
          "private": "eyJlMmJmYjczMC1lY2FhLTExZTYtOGY4OC0zNDM2M2JjN2M0YzAiOnsiY3JlYXRlIjoxMjAwMDAwMDAwMDAwLCJkZWxldGUiOjEyMDAwMDAwMDAwMDAsInVwZGF0ZSI6MTIwMDAwMDAwMDAwMH19",
          "dependencies": [
            "module.vpc.google_compute_network.vpc",
            "module.vpc.google_compute_router.router"
          ]
        }
      ]
    },
    {
      "module": "module.vpc",
      "mode": "managed",
      "type": "google_compute_subnetwork",
      "name": "subnets",
      "provider": "provider[\"registry.terraform.io/hashicorp/google\"]",
      "instances": [
        {
          "index_key": "my-vpc-gke-subnet",
          "schema_version": 0,
          "attributes": {
            "creation_timestamp": "2024-12-29T20:36:21.569-08:00",
            "description": "",
            "external_ipv6_prefix": "",
            "fingerprint": null,
            "gateway_address": "10.0.0.1",
            "id": "projects/dspl-24-poc/regions/us-central1/subnetworks/gke-subnet",
            "internal_ipv6_prefix": "",
            "ip_cidr_range": "10.0.0.0/16",
            "ipv6_access_type": "",
            "ipv6_cidr_range": "",
            "log_config": [
              {
                "aggregation_interval": "INTERVAL_10_MIN",
                "filter_expr": "true",
                "flow_sampling": 0.5,
                "metadata": "INCLUDE_ALL_METADATA",
                "metadata_fields": []
              }
            ],
            "name": "gke-subnet",
            "network": "https://www.googleapis.com/compute/v1/projects/dspl-24-poc/global/networks/my-vpc",
            "private_ip_google_access": true,
            "private_ipv6_google_access": "DISABLE_GOOGLE_ACCESS",
            "project": "dspl-24-poc",
            "purpose": "PRIVATE",
            "region": "us-central1",
            "role": "",
            "secondary_ip_range": [
              {
                "ip_cidr_range": "10.2.0.0/20",
                "range_name": "gke-pods"
              },
              {
                "ip_cidr_range": "10.3.0.0/20",
                "range_name": "gke-services"
              }
            ],
            "self_link": "https://www.googleapis.com/compute/v1/projects/dspl-24-poc/regions/us-central1/subnetworks/gke-subnet",
            "stack_type": "IPV4_ONLY",
            "timeouts": null
          },
          "sensitive_attributes": [],
          "private": "eyJlMmJmYjczMC1lY2FhLTExZTYtOGY4OC0zNDM2M2JjN2M0YzAiOnsiY3JlYXRlIjoxMjAwMDAwMDAwMDAwLCJkZWxldGUiOjEyMDAwMDAwMDAwMDAsInVwZGF0ZSI6MTIwMDAwMDAwMDAwMH19",
          "dependencies": [
            "module.vpc.google_compute_network.vpc"
          ]
        },
        {
          "index_key": "my-vpc-sql-subnet",
          "schema_version": 0,
          "attributes": {
            "creation_timestamp": "2024-12-29T20:36:21.511-08:00",
            "description": "",
            "external_ipv6_prefix": "",
            "fingerprint": null,
            "gateway_address": "10.1.0.1",
            "id": "projects/dspl-24-poc/regions/us-central1/subnetworks/sql-subnet",
            "internal_ipv6_prefix": "",
            "ip_cidr_range": "10.1.0.0/16",
            "ipv6_access_type": "",
            "ipv6_cidr_range": "",
            "log_config": [
              {
                "aggregation_interval": "INTERVAL_10_MIN",
                "filter_expr": "true",
                "flow_sampling": 0.5,
                "metadata": "INCLUDE_ALL_METADATA",
                "metadata_fields": []
              }
            ],
            "name": "sql-subnet",
            "network": "https://www.googleapis.com/compute/v1/projects/dspl-24-poc/global/networks/my-vpc",
            "private_ip_google_access": true,
            "private_ipv6_google_access": "DISABLE_GOOGLE_ACCESS",
            "project": "dspl-24-poc",
            "purpose": "PRIVATE",
            "region": "us-central1",
            "role": "",
            "secondary_ip_range": [],
            "self_link": "https://www.googleapis.com/compute/v1/projects/dspl-24-poc/regions/us-central1/subnetworks/sql-subnet",
            "stack_type": "IPV4_ONLY",
            "timeouts": null
          },
          "sensitive_attributes": [],
          "private": "eyJlMmJmYjczMC1lY2FhLTExZTYtOGY4OC0zNDM2M2JjN2M0YzAiOnsiY3JlYXRlIjoxMjAwMDAwMDAwMDAwLCJkZWxldGUiOjEyMDAwMDAwMDAwMDAsInVwZGF0ZSI6MTIwMDAwMDAwMDAwMH19",
          "dependencies": [
            "module.vpc.google_compute_network.vpc"
          ]
        }
      ]
    },
    {
      "module": "module.vpc",
      "mode": "managed",
      "type": "google_service_networking_connection",
      "name": "private_vpc_connection",
      "provider": "provider[\"registry.terraform.io/hashicorp/google\"]",
      "instances": [
        {
          "schema_version": 0,
          "attributes": {
            "id": "projects%2Fdspl-24-poc%2Fglobal%2Fnetworks%2Fmy-vpc:servicenetworking.googleapis.com",
            "network": "projects/dspl-24-poc/global/networks/my-vpc",
            "peering": "servicenetworking-googleapis-com",
            "reserved_peering_ranges": [
              "my-instance-private-ip"
            ],
            "service": "servicenetworking.googleapis.com",
            "timeouts": {
              "create": "30m",
              "delete": null,
              "update": "40m"
            }
          },
          "sensitive_attributes": [],
          "private": "eyJlMmJmYjczMC1lY2FhLTExZTYtOGY4OC0zNDM2M2JjN2M0YzAiOnsiY3JlYXRlIjoxODAwMDAwMDAwMDAwLCJkZWxldGUiOjYwMDAwMDAwMDAwMCwidXBkYXRlIjoyNDAwMDAwMDAwMDAwfX0=",
          "dependencies": [
            "module.vpc.google_compute_network.vpc"
          ],
          "create_before_destroy": true
        }
      ]
    }
  ],
  "check_results": null
}
