{
  "version": 4,
  "terraform_version": "1.9.6",
  "serial": 409,
  "lineage": "4a5e3942-71ec-2252-655d-742cdea703a6",
  "outputs": {
    "cluster_endpoint": {
      "value": "104.154.223.55",
      "type": "string",
      "sensitive": true
    },
    "cluster_name": {
      "value": "dev-cluster",
      "type": "string"
    },
    "network_name": {
      "value": "my-vpc",
      "type": "string"
    },
    "sql_instance_names": {
      "value": {
        "my-instance": "my-instance"
      },
      "type": [
        "object",
        {
          "my-instance": "string"
        }
      ]
    }
  },
  "resources": [
    {
      "module": "module.cloud_sql",
      "mode": "managed",
      "type": "google_sql_database",
      "name": "databases",
      "provider": "provider[\"registry.terraform.io/hashicorp/google\"]",
      "instances": [
        {
          "index_key": "0",
          "schema_version": 0,
          "attributes": {
            "charset": "UTF8",
            "collation": "en_US.UTF8",
            "deletion_policy": "DELETE",
            "id": "projects/dspl-24-poc/instances/my-instance/databases/my_database",
            "instance": "my-instance",
            "name": "my_database",
            "project": "dspl-24-poc",
            "self_link": "https://sqladmin.googleapis.com/sql/v1beta4/projects/dspl-24-poc/instances/my-instance/databases/my_database",
            "timeouts": null
          },
          "sensitive_attributes": [],
          "private": "eyJlMmJmYjczMC1lY2FhLTExZTYtOGY4OC0zNDM2M2JjN2M0YzAiOnsiY3JlYXRlIjoxMjAwMDAwMDAwMDAwLCJkZWxldGUiOjEyMDAwMDAwMDAwMDAsInVwZGF0ZSI6MTIwMDAwMDAwMDAwMH19",
          "dependencies": [
            "module.cloud_sql.google_sql_database_instance.instances",
            "module.vpc.google_compute_firewall.rules",
            "module.vpc.google_compute_global_address.private_ip_address",
            "module.vpc.google_compute_global_address.private_ip_alloc",
            "module.vpc.google_compute_network.vpc",
            "module.vpc.google_compute_router.router",
            "module.vpc.google_compute_router_nat.nat",
            "module.vpc.google_compute_subnetwork.subnets",
            "module.vpc.google_service_networking_connection.private_vpc_connection"
          ]
        }
      ]
    },
    {
      "module": "module.cloud_sql",
      "mode": "managed",
      "type": "google_sql_database_instance",
      "name": "instances",
      "provider": "provider[\"registry.terraform.io/hashicorp/google\"]",
      "instances": [
        {
          "index_key": "my-instance",
          "schema_version": 0,
          "attributes": {
            "available_maintenance_versions": [],
            "clone": [],
            "connection_name": "dspl-24-poc:us-central1:my-instance",
            "database_version": "POSTGRES_14",
            "deletion_protection": false,
            "dns_name": "",
            "encryption_key_name": null,
            "first_ip_address": "10.190.0.3",
            "id": "my-instance",
            "instance_type": "CLOUD_SQL_INSTANCE",
            "ip_address": [
              {
                "ip_address": "10.190.0.3",
                "time_to_retire": "",
                "type": "PRIVATE"
              }
            ],
            "maintenance_version": "POSTGRES_14_15.R20240910.01_31",
            "master_instance_name": "",
            "name": "my-instance",
            "private_ip_address": "10.190.0.3",
            "project": "dspl-24-poc",
            "psc_service_attachment_link": "",
            "public_ip_address": "",
            "region": "us-central1",
            "replica_configuration": [],
            "restore_backup_context": [],
            "root_password": null,
            "self_link": "https://sqladmin.googleapis.com/sql/v1beta4/projects/dspl-24-poc/instances/my-instance",
            "server_ca_cert": [
              {
                "cert": "-----BEGIN CERTIFICATE-----\nMIIDfzCCAmegAwIBAgIBADANBgkqhkiG9w0BAQsFADB3MS0wKwYDVQQuEyQzMTE3\nMjZhMy02OWE0LTQwNjMtYjc5My0xZTVjOGJmZGY5NjExIzAhBgNVBAMTGkdvb2ds\nZSBDbG91ZCBTUUwgU2VydmVyIENBMRQwEgYDVQQKEwtHb29nbGUsIEluYzELMAkG\nA1UEBhMCVVMwHhcNMjQxMjI4MDUzOTI5WhcNMzQxMjI2MDU0MDI5WjB3MS0wKwYD\nVQQuEyQzMTE3MjZhMy02OWE0LTQwNjMtYjc5My0xZTVjOGJmZGY5NjExIzAhBgNV\nBAMTGkdvb2dsZSBDbG91ZCBTUUwgU2VydmVyIENBMRQwEgYDVQQKEwtHb29nbGUs\nIEluYzELMAkGA1UEBhMCVVMwggEiMA0GCSqGSIb3DQEBAQUAA4IBDwAwggEKAoIB\nAQDJTHLhH6gRRmWgYf388TzCZeREwgMYttY67e1tGTn2vg2/iXsLn6ojjcX0PNEr\nx+YYcuTWkzmzuUk4kTyiRnRzuzWaDwgUEM6fDHFU/SAta5Cb1wnBlWxXW0dMjui6\nSQdZAEyaFz3OEvZPjAaeifRv2n41Bj/A1Fh25O2zw1R9vjyackBcr1acQbSyVjC7\nOGD+DRWE9/6chL+X5iHHsy5iia4K/YiRllrsgvvMlcHtHtktLrj9ge1HpS9VQ6zD\nJWXNAQcqUVBWM6RYpy/uk6VeFZrIElg+/BKo/0vHza1mNS36D8Xf7KfY3ANUB1p5\n2akXVJwX5QolaLsHN31Lq6CFAgMBAAGjFjAUMBIGA1UdEwEB/wQIMAYBAf8CAQAw\nDQYJKoZIhvcNAQELBQADggEBAB8a4u20encizNqSr9gyYXdvn+hm9qhZAq2akoL/\nEwMKOgl1ctMn2WuO9x6uEg/HWThU+Vw7pLE9e5gSoJp/uClg42+e0oaiXaeR4Svc\nPdm27wYzCUUzMpzAuGWA1I/6oGMuLT3WEbU3L1p07+EJYkU4Lch0hoUJuwobQzJP\nwkjogH+HNU3n9MkTU5ItFGhPBZI0Pbun6ezMvNxgBU5VR4UccqYL2pY3mTAujdQ+\naVxx4isFNNzemak6wwiBzABFAQyoZOQsRbMKsNWHRSArx7zSYuqh0RSxrfD5lsDc\n6WPw94G6LUckdJQJ+QUk1iwaTPmJTi5ACgU4yEsplkew9uE=\n-----END CERTIFICATE-----",
                "common_name": "C=US,O=Google\\, Inc,CN=Google Cloud SQL Server CA,dnQualifier=311726a3-69a4-4063-b793-1e5c8bfdf961",
                "create_time": "2024-12-28T05:39:29.257Z",
                "expiration_time": "2034-12-26T05:40:29.257Z",
                "sha1_fingerprint": "c0cbc12be0b97675fcbb8329d884d79400473481"
              }
            ],
            "service_account_email_address": "p236260619337-fis5x5@gcp-sa-cloud-sql.iam.gserviceaccount.com",
            "settings": [
              {
                "activation_policy": "ALWAYS",
                "active_directory_config": [],
                "advanced_machine_features": [],
                "availability_type": "ZONAL",
                "backup_configuration": [
                  {
                    "backup_retention_settings": [
                      {
                        "retained_backups": 7,
                        "retention_unit": "COUNT"
                      }
                    ],
                    "binary_log_enabled": false,
                    "enabled": false,
                    "location": "",
                    "point_in_time_recovery_enabled": false,
                    "start_time": "06:00",
                    "transaction_log_retention_days": 7
                  }
                ],
                "collation": "",
                "connector_enforcement": "NOT_REQUIRED",
                "data_cache_config": [],
                "database_flags": [],
                "deletion_protection_enabled": false,
                "deny_maintenance_period": [],
                "disk_autoresize": true,
                "disk_autoresize_limit": 0,
                "disk_size": 10,
                "disk_type": "PD_SSD",
                "edition": "ENTERPRISE",
                "insights_config": [],
                "ip_configuration": [
                  {
                    "allocated_ip_range": "",
                    "authorized_networks": [],
                    "enable_private_path_for_google_cloud_services": false,
                    "ipv4_enabled": false,
                    "private_network": "projects/dspl-24-poc/global/networks/my-vpc",
                    "psc_config": [],
                    "require_ssl": false,
                    "ssl_mode": ""
                  }
                ],
                "location_preference": [
                  {
                    "follow_gae_application": "",
                    "secondary_zone": "",
                    "zone": "us-central1-a"
                  }
                ],
                "maintenance_window": [],
                "password_validation_policy": [],
                "pricing_plan": "PER_USE",
                "sql_server_audit_config": [],
                "tier": "db-f1-micro",
                "time_zone": "",
                "user_labels": {},
                "version": 1
              }
            ],
            "timeouts": null
          },
          "sensitive_attributes": [
            [
              {
                "type": "get_attr",
                "value": "root_password"
              }
            ]
          ],
          "private": "eyJlMmJmYjczMC1lY2FhLTExZTYtOGY4OC0zNDM2M2JjN2M0YzAiOnsiY3JlYXRlIjoyNDAwMDAwMDAwMDAwLCJkZWxldGUiOjE4MDAwMDAwMDAwMDAsInVwZGF0ZSI6MTgwMDAwMDAwMDAwMH19",
          "dependencies": [
            "module.vpc.google_compute_firewall.rules",
            "module.vpc.google_compute_global_address.private_ip_address",
            "module.vpc.google_compute_global_address.private_ip_alloc",
            "module.vpc.google_compute_network.vpc",
            "module.vpc.google_compute_router.router",
            "module.vpc.google_compute_router_nat.nat",
            "module.vpc.google_compute_subnetwork.subnets",
            "module.vpc.google_service_networking_connection.private_vpc_connection"
          ]
        }
      ]
    },
    {
      "module": "module.cloud_sql",
      "mode": "managed",
      "type": "google_sql_user",
      "name": "users",
      "provider": "provider[\"registry.terraform.io/hashicorp/google\"]",
      "instances": [
        {
          "index_key": "0",
          "schema_version": 1,
          "attributes": {
            "deletion_policy": null,
            "host": "",
            "id": "admin//my-instance",
            "instance": "my-instance",
            "name": "admin",
            "password": "10fc9[W{MmO)yU(n",
            "password_policy": [],
            "project": "dspl-24-poc",
            "sql_server_user_details": [],
            "timeouts": null,
            "type": ""
          },
          "sensitive_attributes": [
            [
              {
                "type": "get_attr",
                "value": "password"
              }
            ]
          ],
          "private": "eyJlMmJmYjczMC1lY2FhLTExZTYtOGY4OC0zNDM2M2JjN2M0YzAiOnsiY3JlYXRlIjo2MDAwMDAwMDAwMDAsImRlbGV0ZSI6NjAwMDAwMDAwMDAwLCJ1cGRhdGUiOjYwMDAwMDAwMDAwMH0sInNjaGVtYV92ZXJzaW9uIjoiMSJ9",
          "dependencies": [
            "module.cloud_sql.google_sql_database_instance.instances",
            "module.cloud_sql.random_password.user_passwords",
            "module.vpc.google_compute_firewall.rules",
            "module.vpc.google_compute_global_address.private_ip_address",
            "module.vpc.google_compute_global_address.private_ip_alloc",
            "module.vpc.google_compute_network.vpc",
            "module.vpc.google_compute_router.router",
            "module.vpc.google_compute_router_nat.nat",
            "module.vpc.google_compute_subnetwork.subnets",
            "module.vpc.google_service_networking_connection.private_vpc_connection"
          ]
        }
      ]
    },
    {
      "module": "module.cloud_sql",
      "mode": "managed",
      "type": "random_password",
      "name": "user_passwords",
      "provider": "provider[\"registry.terraform.io/hashicorp/random\"]",
      "instances": [
        {
          "index_key": "0",
          "schema_version": 3,
          "attributes": {
            "bcrypt_hash": "$2a$10$3.2bjX5e2vFXDuSelKWVEOdgrSR3H7wCQ.G/PBp.TVrwVXI9UqrTy",
            "id": "none",
            "keepers": null,
            "length": 16,
            "lower": true,
            "min_lower": 0,
            "min_numeric": 0,
            "min_special": 0,
            "min_upper": 0,
            "number": true,
            "numeric": true,
            "override_special": null,
            "result": "10fc9[W{MmO)yU(n",
            "special": true,
            "upper": true
          },
          "sensitive_attributes": [
            [
              {
                "type": "get_attr",
                "value": "bcrypt_hash"
              }
            ],
            [
              {
                "type": "get_attr",
                "value": "result"
              }
            ]
          ],
          "dependencies": [
            "module.vpc.google_compute_firewall.rules",
            "module.vpc.google_compute_global_address.private_ip_address",
            "module.vpc.google_compute_global_address.private_ip_alloc",
            "module.vpc.google_compute_network.vpc",
            "module.vpc.google_compute_router.router",
            "module.vpc.google_compute_router_nat.nat",
            "module.vpc.google_compute_subnetwork.subnets",
            "module.vpc.google_service_networking_connection.private_vpc_connection"
          ]
        }
      ]
    },
    {
      "module": "module.enable_apis",
      "mode": "managed",
      "type": "google_project_service",
      "name": "compute_api",
      "provider": "provider[\"registry.terraform.io/hashicorp/google\"]",
      "instances": [
        {
          "schema_version": 0,
          "attributes": {
            "disable_dependent_services": true,
            "disable_on_destroy": true,
            "id": "dspl-24-poc/compute.googleapis.com",
            "project": "dspl-24-poc",
            "service": "compute.googleapis.com",
            "timeouts": null
          },
          "sensitive_attributes": [],
          "private": "eyJlMmJmYjczMC1lY2FhLTExZTYtOGY4OC0zNDM2M2JjN2M0YzAiOnsiY3JlYXRlIjoxMjAwMDAwMDAwMDAwLCJkZWxldGUiOjEyMDAwMDAwMDAwMDAsInJlYWQiOjYwMDAwMDAwMDAwMCwidXBkYXRlIjoxMjAwMDAwMDAwMDAwfX0="
        }
      ]
    },
    {
      "module": "module.enable_apis",
      "mode": "managed",
      "type": "google_project_service",
      "name": "container_api",
      "provider": "provider[\"registry.terraform.io/hashicorp/google\"]",
      "instances": [
        {
          "schema_version": 0,
          "attributes": {
            "disable_dependent_services": null,
            "disable_on_destroy": true,
            "id": "dspl-24-poc/container.googleapis.com",
            "project": "dspl-24-poc",
            "service": "container.googleapis.com",
            "timeouts": null
          },
          "sensitive_attributes": [],
          "private": "eyJlMmJmYjczMC1lY2FhLTExZTYtOGY4OC0zNDM2M2JjN2M0YzAiOnsiY3JlYXRlIjoxMjAwMDAwMDAwMDAwLCJkZWxldGUiOjEyMDAwMDAwMDAwMDAsInJlYWQiOjYwMDAwMDAwMDAwMCwidXBkYXRlIjoxMjAwMDAwMDAwMDAwfX0="
        }
      ]
    },
    {
      "module": "module.enable_apis",
      "mode": "managed",
      "type": "google_project_service",
      "name": "enabled_apis",
      "provider": "provider[\"registry.terraform.io/hashicorp/google\"]",
      "instances": [
        {
          "index_key": "cloudresourcemanager.googleapis.com",
          "schema_version": 0,
          "attributes": {
            "disable_dependent_services": null,
            "disable_on_destroy": true,
            "id": "dspl-24-poc/cloudresourcemanager.googleapis.com",
            "project": "dspl-24-poc",
            "service": "cloudresourcemanager.googleapis.com",
            "timeouts": null
          },
          "sensitive_attributes": [],
          "private": "eyJlMmJmYjczMC1lY2FhLTExZTYtOGY4OC0zNDM2M2JjN2M0YzAiOnsiY3JlYXRlIjoxMjAwMDAwMDAwMDAwLCJkZWxldGUiOjEyMDAwMDAwMDAwMDAsInJlYWQiOjYwMDAwMDAwMDAwMCwidXBkYXRlIjoxMjAwMDAwMDAwMDAwfX0="
        },
        {
          "index_key": "compute.googleapis.com",
          "schema_version": 0,
          "attributes": {
            "disable_dependent_services": null,
            "disable_on_destroy": true,
            "id": "dspl-24-poc/compute.googleapis.com",
            "project": "dspl-24-poc",
            "service": "compute.googleapis.com",
            "timeouts": null
          },
          "sensitive_attributes": [],
          "private": "eyJlMmJmYjczMC1lY2FhLTExZTYtOGY4OC0zNDM2M2JjN2M0YzAiOnsiY3JlYXRlIjoxMjAwMDAwMDAwMDAwLCJkZWxldGUiOjEyMDAwMDAwMDAwMDAsInJlYWQiOjYwMDAwMDAwMDAwMCwidXBkYXRlIjoxMjAwMDAwMDAwMDAwfX0="
        },
        {
          "index_key": "container.googleapis.com",
          "schema_version": 0,
          "attributes": {
            "disable_dependent_services": null,
            "disable_on_destroy": true,
            "id": "dspl-24-poc/container.googleapis.com",
            "project": "dspl-24-poc",
            "service": "container.googleapis.com",
            "timeouts": null
          },
          "sensitive_attributes": [],
          "private": "eyJlMmJmYjczMC1lY2FhLTExZTYtOGY4OC0zNDM2M2JjN2M0YzAiOnsiY3JlYXRlIjoxMjAwMDAwMDAwMDAwLCJkZWxldGUiOjEyMDAwMDAwMDAwMDAsInJlYWQiOjYwMDAwMDAwMDAwMCwidXBkYXRlIjoxMjAwMDAwMDAwMDAwfX0="
        },
        {
          "index_key": "iam.googleapis.com",
          "schema_version": 0,
          "attributes": {
            "disable_dependent_services": null,
            "disable_on_destroy": true,
            "id": "dspl-24-poc/iam.googleapis.com",
            "project": "dspl-24-poc",
            "service": "iam.googleapis.com",
            "timeouts": null
          },
          "sensitive_attributes": [],
          "private": "eyJlMmJmYjczMC1lY2FhLTExZTYtOGY4OC0zNDM2M2JjN2M0YzAiOnsiY3JlYXRlIjoxMjAwMDAwMDAwMDAwLCJkZWxldGUiOjEyMDAwMDAwMDAwMDAsInJlYWQiOjYwMDAwMDAwMDAwMCwidXBkYXRlIjoxMjAwMDAwMDAwMDAwfX0="
        },
        {
          "index_key": "servicenetworking.googleapis.com",
          "schema_version": 0,
          "attributes": {
            "disable_dependent_services": null,
            "disable_on_destroy": true,
            "id": "dspl-24-poc/servicenetworking.googleapis.com",
            "project": "dspl-24-poc",
            "service": "servicenetworking.googleapis.com",
            "timeouts": null
          },
          "sensitive_attributes": [],
          "private": "eyJlMmJmYjczMC1lY2FhLTExZTYtOGY4OC0zNDM2M2JjN2M0YzAiOnsiY3JlYXRlIjoxMjAwMDAwMDAwMDAwLCJkZWxldGUiOjEyMDAwMDAwMDAwMDAsInJlYWQiOjYwMDAwMDAwMDAwMCwidXBkYXRlIjoxMjAwMDAwMDAwMDAwfX0="
        },
        {
          "index_key": "sqladmin.googleapis.com",
          "schema_version": 0,
          "attributes": {
            "disable_dependent_services": null,
            "disable_on_destroy": true,
            "id": "dspl-24-poc/sqladmin.googleapis.com",
            "project": "dspl-24-poc",
            "service": "sqladmin.googleapis.com",
            "timeouts": null
          },
          "sensitive_attributes": [],
          "private": "eyJlMmJmYjczMC1lY2FhLTExZTYtOGY4OC0zNDM2M2JjN2M0YzAiOnsiY3JlYXRlIjoxMjAwMDAwMDAwMDAwLCJkZWxldGUiOjEyMDAwMDAwMDAwMDAsInJlYWQiOjYwMDAwMDAwMDAwMCwidXBkYXRlIjoxMjAwMDAwMDAwMDAwfX0="
        }
      ]
    },
    {
      "module": "module.gke",
      "mode": "managed",
      "type": "google_container_cluster",
      "name": "primary",
      "provider": "provider[\"registry.terraform.io/hashicorp/google\"]",
      "instances": [
        {
          "schema_version": 2,
          "attributes": {
            "addons_config": [
              {
                "cloudrun_config": [],
                "config_connector_config": [],
                "dns_cache_config": [],
                "gce_persistent_disk_csi_driver_config": [
                  {
                    "enabled": true
                  }
                ],
                "gcp_filestore_csi_driver_config": [],
                "gcs_fuse_csi_driver_config": [],
                "gke_backup_agent_config": [],
                "horizontal_pod_autoscaling": [
                  {
                    "disabled": false
                  }
                ],
                "http_load_balancing": [
                  {
                    "disabled": false
                  }
                ],
                "network_policy_config": [
                  {
                    "disabled": false
                  }
                ]
              }
            ],
            "allow_net_admin": null,
            "authenticator_groups_config": [],
            "binary_authorization": [
              {
                "enabled": false,
                "evaluation_mode": ""
              }
            ],
            "cluster_autoscaling": [
              {
                "auto_provisioning_defaults": [],
                "autoscaling_profile": "BALANCED",
                "enabled": false,
                "resource_limits": []
              }
            ],
            "cluster_ipv4_cidr": "10.2.0.0/20",
            "confidential_nodes": [],
            "cost_management_config": [],
            "database_encryption": [
              {
                "key_name": "",
                "state": "DECRYPTED"
              }
            ],
            "datapath_provider": "",
            "default_max_pods_per_node": 110,
            "default_snat_status": [
              {
                "disabled": false
              }
            ],
            "deletion_protection": true,
            "description": "",
            "dns_config": [],
            "enable_autopilot": false,
            "enable_intranode_visibility": false,
            "enable_k8s_beta_apis": [],
            "enable_kubernetes_alpha": false,
            "enable_l4_ilb_subsetting": false,
            "enable_legacy_abac": false,
            "enable_shielded_nodes": true,
            "enable_tpu": false,
            "endpoint": "104.154.223.55",
            "fleet": [],
            "gateway_api_config": [],
            "id": "projects/dspl-24-poc/locations/us-central1/clusters/dev-cluster",
            "identity_service_config": [],
            "initial_node_count": 1,
            "ip_allocation_policy": [
              {
                "additional_pod_ranges_config": [],
                "cluster_ipv4_cidr_block": "10.2.0.0/20",
                "cluster_secondary_range_name": "gke-pods",
                "pod_cidr_overprovision_config": [
                  {
                    "disabled": false
                  }
                ],
                "services_ipv4_cidr_block": "10.3.0.0/20",
                "services_secondary_range_name": "gke-services",
                "stack_type": "IPV4"
              }
            ],
            "label_fingerprint": "a9dc16a7",
            "location": "us-central1",
            "logging_config": [
              {
                "enable_components": [
                  "SYSTEM_COMPONENTS",
                  "WORKLOADS"
                ]
              }
            ],
            "logging_service": "logging.googleapis.com/kubernetes",
            "maintenance_policy": [],
            "master_auth": [
              {
                "client_certificate": "",
                "client_certificate_config": [
                  {
                    "issue_client_certificate": false
                  }
                ],
                "client_key": "",
                "cluster_ca_certificate": "LS0tLS1CRUdJTiBDRVJUSUZJQ0FURS0tLS0tCk1JSUVMRENDQXBTZ0F3SUJBZ0lRSmZuRFdubURTanRWdEdaZ3lLMzJBVEFOQmdrcWhraUc5dzBCQVFzRkFEQXYKTVMwd0t3WURWUVFERXlReVkySXpPVFJoTnkwMU1UaGtMVFE1TW1NdE9URmlZUzFrTkRJMFl6Y3lNelkzTkdRdwpJQmNOTWpReE1qSTRNRFF6TnpNeVdoZ1BNakExTkRFeU1qRXdOVE0zTXpKYU1DOHhMVEFyQmdOVkJBTVRKREpqCllqTTVOR0UzTFRVeE9HUXRORGt5WXkwNU1XSmhMV1EwTWpSak56SXpOamMwWkRDQ0FhSXdEUVlKS29aSWh2Y04KQVFFQkJRQURnZ0dQQURDQ0FZb0NnZ0dCQUpHK25BaGNUaUVPdjBuMUhTWlBhbzVDdDcrRWdQQ1hkeVc1K2pWTgo5Z0xJb1BYRGJkL3RhWkdkd2RQc3hMSnpxTDZrS2JlSFJVOGJOWXlCa3hza0JYa1NhZWxmMytHSFpoMnNuc0w0ClpkT1p4WkkwbUxTdDMwUjkxODlFbkozWDEvZXFRQmNWazlhRm1ndGh0SEVqeEtscWJzSzlBZkE3a1BmS0xyTXYKWi9ubkNVMFYrNWxCYmZXbk8xa2FJSjlrVnNtZ2lwbngxZW9GMVJUdnpQV0FobjdEcXpLOWRubDVLNzYvL1podQp0VGY4cXZ4K29oRFRUUXhGQ0E5VHFaemRPSHJsM0UwZlM2NDZEOGN3ZDE1NkdUTTJFUXV3RXkvWUhiYXpER3BWCnE0cXMrM2ZSUnBqTC9GTUtlaXFwR1hDUzVJeFJzdWl2YjVlTzc3ZDdmUWdqaG1temczTDRFdVlHdTdmRFU2SFMKS0p6Znp2MTVlRjlxamhENTE2NXR5dituWGRBK0VoYU5zZjdjNGZydnl3MXBWUHVnM0puNzBsNHkybFUxQ2FFUAp5cmxkU2U1OThVMmh6VWZqdkwrMVV4M0xjSGNPK1V6YStmWXplM1hCcXpObGxybFlMYm1ob3c2WHJSdjZWNzJ1ClVKVzYvLzIvYzhhZzUwS3JBM0Q4UG1pNlh3SURBUUFCbzBJd1FEQU9CZ05WSFE4QkFmOEVCQU1DQWdRd0R3WUQKVlIwVEFRSC9CQVV3QXdFQi96QWRCZ05WSFE0RUZnUVVTZ0RlQm5YVnpJQnJQemhsZ1ovSG16cG9EcTB3RFFZSgpLb1pJaHZjTkFRRUxCUUFEZ2dHQkFHV3VSUnRTb21CUnpRREVoajVCT0lHc2hmTzRuTkU4M1BxYzZuMlo3bVRTCmtOaHREWEJ0L29HdnZhUVJnMFgyOGdiZlJ4TCtSU2toakxSek41NXNGZ2N5Qk11SXlKQWJpbUthaXpjRFNnMzMKSXVtT3NUdjByZFhMeFlWSGsvUTFFWWVSeUpMOHJwdWRucVg3eXh5QVRJMmxiL0VZdU0wbEVKTDJERXA5RzQvZApPZ2RreGFRNS9WK3hnTlVhUUx4dW5yZjhLdFFQdnFnUlBrSUhWRnY0cUdzYlkrNWVNNG8rTEhRaXFRNHQwdnB5CmpJd1J4VGxPYmpXMEU0VHVpNDhiNEttNXpNVklXdTdPeEdjc0xoMys3QUp5cjNqdGpacHVhOWdkNjg1VFZHVjUKMHVOdzZkYU1xMGU3cE9wVlFwd3VSd1R1VWZqOGtrMDhWSnBzbE5VVWFPQnVXUVNhUWZOemR4VEtUdnJMR2llVwoycm5HVmQwc1p4OXRuRWFqT3hjaUhKZG1UcUYvdG9TZjhZZFc0VHRzWWphZnIzbGNVY0puL2RhTVo2OXVwQVdjClpGRUJYb0lYMjV2SnVxVndJc0dQU1Z0OC9NVDNGNDBmcnFSK0JhcE9EWmtRQnhGdTJjdjZSR2cycjgwdTVsSmIKaGRTMTgyZk42dXJKa2d2djQ3VDBBUT09Ci0tLS0tRU5EIENFUlRJRklDQVRFLS0tLS0K"
              }
            ],
            "master_authorized_networks_config": [],
            "master_version": "1.30.6-gke.1125000",
            "mesh_certificates": [],
            "min_master_version": null,
            "monitoring_config": [
              {
                "advanced_datapath_observability_config": [
                  {
                    "enable_metrics": false,
                    "relay_mode": ""
                  }
                ],
                "enable_components": [
                  "SYSTEM_COMPONENTS",
                  "DAEMONSET",
                  "DEPLOYMENT",
                  "STATEFULSET",
                  "STORAGE",
                  "HPA",
                  "POD",
                  "CADVISOR",
                  "KUBELET"
                ],
                "managed_prometheus": [
                  {
                    "enabled": true
                  }
                ]
              }
            ],
            "monitoring_service": "monitoring.googleapis.com/kubernetes",
            "name": "dev-cluster",
            "network": "projects/dspl-24-poc/global/networks/my-vpc",
            "network_policy": [
              {
                "enabled": true,
                "provider": "CALICO"
              }
            ],
            "networking_mode": "VPC_NATIVE",
            "node_config": [
              {
                "advanced_machine_features": [],
                "boot_disk_kms_key": "",
                "confidential_nodes": [],
                "disk_size_gb": 100,
                "disk_type": "pd-standard",
                "effective_taints": [],
                "ephemeral_storage_local_ssd_config": [],
                "fast_socket": [],
                "gcfs_config": [],
                "guest_accelerator": [],
                "gvnic": [],
                "host_maintenance_policy": [],
                "image_type": "COS_CONTAINERD",
                "kubelet_config": [
                  {
                    "cpu_cfs_quota": false,
                    "cpu_cfs_quota_period": "",
                    "cpu_manager_policy": "",
                    "pod_pids_limit": 0
                  }
                ],
                "labels": {
                  "environment": "dev"
                },
                "linux_node_config": [],
                "local_nvme_ssd_block_config": [],
                "local_ssd_count": 0,
                "logging_variant": "DEFAULT",
                "machine_type": "e2-medium",
                "metadata": {
                  "disable-legacy-endpoints": "true"
                },
                "min_cpu_platform": "",
                "node_group": "",
                "oauth_scopes": [
                  "https://www.googleapis.com/auth/cloud-platform"
                ],
                "preemptible": false,
                "reservation_affinity": [],
                "resource_labels": {},
                "service_account": "dev-cluster-sa@dspl-24-poc.iam.gserviceaccount.com",
                "shielded_instance_config": [
                  {
                    "enable_integrity_monitoring": true,
                    "enable_secure_boot": false
                  }
                ],
                "sole_tenant_config": [],
                "spot": false,
                "tags": [],
                "taint": [],
                "workload_metadata_config": [
                  {
                    "mode": "GKE_METADATA"
                  }
                ]
              }
            ],
            "node_locations": [
              "us-central1-a",
              "us-central1-b",
              "us-central1-c"
            ],
            "node_pool": [
              {
                "autoscaling": [
                  {
                    "location_policy": "BALANCED",
                    "max_node_count": 5,
                    "min_node_count": 1,
                    "total_max_node_count": 0,
                    "total_min_node_count": 0
                  }
                ],
                "initial_node_count": 3,
                "instance_group_urls": [
                  "https://www.googleapis.com/compute/v1/projects/dspl-24-poc/zones/us-central1-c/instanceGroupManagers/gke-dev-cluster-default-pool-068f5fd7-grp",
                  "https://www.googleapis.com/compute/v1/projects/dspl-24-poc/zones/us-central1-a/instanceGroupManagers/gke-dev-cluster-default-pool-0b3a7b2b-grp",
                  "https://www.googleapis.com/compute/v1/projects/dspl-24-poc/zones/us-central1-b/instanceGroupManagers/gke-dev-cluster-default-pool-b6e6a8c5-grp"
                ],
                "managed_instance_group_urls": [
                  "https://www.googleapis.com/compute/v1/projects/dspl-24-poc/zones/us-central1-c/instanceGroups/gke-dev-cluster-default-pool-068f5fd7-grp",
                  "https://www.googleapis.com/compute/v1/projects/dspl-24-poc/zones/us-central1-a/instanceGroups/gke-dev-cluster-default-pool-0b3a7b2b-grp",
                  "https://www.googleapis.com/compute/v1/projects/dspl-24-poc/zones/us-central1-b/instanceGroups/gke-dev-cluster-default-pool-b6e6a8c5-grp"
                ],
                "management": [
                  {
                    "auto_repair": true,
                    "auto_upgrade": true
                  }
                ],
                "max_pods_per_node": 110,
                "name": "default-pool",
                "name_prefix": "",
                "network_config": [
                  {
                    "create_pod_range": false,
                    "enable_private_nodes": true,
                    "network_performance_config": [],
                    "pod_cidr_overprovision_config": [],
                    "pod_ipv4_cidr_block": "10.2.0.0/20",
                    "pod_range": "gke-pods"
                  }
                ],
                "node_config": [
                  {
                    "advanced_machine_features": [],
                    "boot_disk_kms_key": "",
                    "confidential_nodes": [],
                    "disk_size_gb": 100,
                    "disk_type": "pd-standard",
                    "effective_taints": [],
                    "ephemeral_storage_local_ssd_config": [],
                    "fast_socket": [],
                    "gcfs_config": [],
                    "guest_accelerator": [],
                    "gvnic": [],
                    "host_maintenance_policy": [],
                    "image_type": "COS_CONTAINERD",
                    "kubelet_config": [
                      {
                        "cpu_cfs_quota": false,
                        "cpu_cfs_quota_period": "",
                        "cpu_manager_policy": "",
                        "pod_pids_limit": 0
                      }
                    ],
                    "labels": {
                      "environment": "dev"
                    },
                    "linux_node_config": [],
                    "local_nvme_ssd_block_config": [],
                    "local_ssd_count": 0,
                    "logging_variant": "DEFAULT",
                    "machine_type": "e2-medium",
                    "metadata": {
                      "disable-legacy-endpoints": "true"
                    },
                    "min_cpu_platform": "",
                    "node_group": "",
                    "oauth_scopes": [
                      "https://www.googleapis.com/auth/cloud-platform"
                    ],
                    "preemptible": false,
                    "reservation_affinity": [],
                    "resource_labels": {},
                    "service_account": "dev-cluster-sa@dspl-24-poc.iam.gserviceaccount.com",
                    "shielded_instance_config": [
                      {
                        "enable_integrity_monitoring": true,
                        "enable_secure_boot": false
                      }
                    ],
                    "sole_tenant_config": [],
                    "spot": false,
                    "tags": [],
                    "taint": [],
                    "workload_metadata_config": [
                      {
                        "mode": "GKE_METADATA"
                      }
                    ]
                  }
                ],
                "node_count": 1,
                "node_locations": [
                  "us-central1-a",
                  "us-central1-b",
                  "us-central1-c"
                ],
                "placement_policy": [],
                "upgrade_settings": [
                  {
                    "blue_green_settings": [],
                    "max_surge": 1,
                    "max_unavailable": 0,
                    "strategy": "SURGE"
                  }
                ],
                "version": "1.30.6-gke.1125000"
              }
            ],
            "node_pool_auto_config": [],
            "node_pool_defaults": [
              {
                "node_config_defaults": [
                  {
                    "logging_variant": "DEFAULT"
                  }
                ]
              }
            ],
            "node_version": "1.30.6-gke.1125000",
            "notification_config": [
              {
                "pubsub": [
                  {
                    "enabled": false,
                    "filter": [],
                    "topic": ""
                  }
                ]
              }
            ],
            "operation": null,
            "private_cluster_config": [
              {
                "enable_private_endpoint": false,
                "enable_private_nodes": true,
                "master_global_access_config": [
                  {
                    "enabled": false
                  }
                ],
                "master_ipv4_cidr_block": "172.16.0.0/28",
                "peering_name": "",
                "private_endpoint": "172.16.0.2",
                "private_endpoint_subnetwork": "",
                "public_endpoint": "104.154.223.55"
              }
            ],
            "private_ipv6_google_access": "",
            "project": "dspl-24-poc",
            "release_channel": [
              {
                "channel": "REGULAR"
              }
            ],
            "remove_default_node_pool": null,
            "resource_labels": {},
            "resource_usage_export_config": [],
            "security_posture_config": [
              {
                "mode": "BASIC",
                "vulnerability_mode": "VULNERABILITY_MODE_UNSPECIFIED"
              }
            ],
            "self_link": "https://container.googleapis.com/v1/projects/dspl-24-poc/locations/us-central1/clusters/dev-cluster",
            "service_external_ips_config": [
              {
                "enabled": false
              }
            ],
            "services_ipv4_cidr": "10.3.0.0/20",
            "subnetwork": "projects/dspl-24-poc/regions/us-central1/subnetworks/gke-subnet",
            "timeouts": null,
            "tpu_ipv4_cidr_block": "",
            "vertical_pod_autoscaling": [],
            "workload_identity_config": [
              {
                "workload_pool": "dspl-24-poc.svc.id.goog"
              }
            ]
          },
          "sensitive_attributes": [
            [
              {
                "type": "get_attr",
                "value": "master_auth"
              },
              {
                "type": "index",
                "value": {
                  "value": 0,
                  "type": "number"
                }
              },
              {
                "type": "get_attr",
                "value": "client_key"
              }
            ]
          ],
          "private": "eyJlMmJmYjczMC1lY2FhLTExZTYtOGY4OC0zNDM2M2JjN2M0YzAiOnsiY3JlYXRlIjoyNDAwMDAwMDAwMDAwLCJkZWxldGUiOjI0MDAwMDAwMDAwMDAsInJlYWQiOjI0MDAwMDAwMDAwMDAsInVwZGF0ZSI6MzYwMDAwMDAwMDAwMH0sInNjaGVtYV92ZXJzaW9uIjoiMiJ9",
          "dependencies": [
            "module.service-accounts.google_project_iam_member.backend_sa_cloudsql",
            "module.service-accounts.google_project_iam_member.gke_sa_roles",
            "module.service-accounts.google_service_account.backend_sa",
            "module.service-accounts.google_service_account.gke_sa",
            "module.service-accounts.google_service_account_iam_binding.workload_identity_binding",
            "module.vpc.google_compute_firewall.rules",
            "module.vpc.google_compute_global_address.private_ip_address",
            "module.vpc.google_compute_global_address.private_ip_alloc",
            "module.vpc.google_compute_network.vpc",
            "module.vpc.google_compute_router.router",
            "module.vpc.google_compute_router_nat.nat",
            "module.vpc.google_compute_subnetwork.subnets",
            "module.vpc.google_service_networking_connection.private_vpc_connection"
          ]
        }
      ]
    },
    {
      "module": "module.gke",
      "mode": "managed",
      "type": "google_container_node_pool",
      "name": "pools",
      "provider": "provider[\"registry.terraform.io/hashicorp/google\"]",
      "instances": [
        {
          "index_key": "default-pool",
          "schema_version": 1,
          "attributes": {
            "autoscaling": [
              {
                "location_policy": "BALANCED",
                "max_node_count": 5,
                "min_node_count": 1,
                "total_max_node_count": 0,
                "total_min_node_count": 0
              }
            ],
            "cluster": "dev-cluster",
            "id": "projects/dspl-24-poc/locations/us-central1/clusters/dev-cluster/nodePools/default-pool",
            "initial_node_count": 3,
            "instance_group_urls": [
              "https://www.googleapis.com/compute/v1/projects/dspl-24-poc/zones/us-central1-c/instanceGroupManagers/gke-dev-cluster-default-pool-068f5fd7-grp",
              "https://www.googleapis.com/compute/v1/projects/dspl-24-poc/zones/us-central1-a/instanceGroupManagers/gke-dev-cluster-default-pool-0b3a7b2b-grp",
              "https://www.googleapis.com/compute/v1/projects/dspl-24-poc/zones/us-central1-b/instanceGroupManagers/gke-dev-cluster-default-pool-b6e6a8c5-grp"
            ],
            "location": "us-central1",
            "managed_instance_group_urls": [
              "https://www.googleapis.com/compute/v1/projects/dspl-24-poc/zones/us-central1-c/instanceGroups/gke-dev-cluster-default-pool-068f5fd7-grp",
              "https://www.googleapis.com/compute/v1/projects/dspl-24-poc/zones/us-central1-a/instanceGroups/gke-dev-cluster-default-pool-0b3a7b2b-grp",
              "https://www.googleapis.com/compute/v1/projects/dspl-24-poc/zones/us-central1-b/instanceGroups/gke-dev-cluster-default-pool-b6e6a8c5-grp"
            ],
            "management": [
              {
                "auto_repair": true,
                "auto_upgrade": true
              }
            ],
            "max_pods_per_node": 110,
            "name": "default-pool",
            "name_prefix": "",
            "network_config": [
              {
                "create_pod_range": false,
                "enable_private_nodes": true,
                "network_performance_config": [],
                "pod_cidr_overprovision_config": [],
                "pod_ipv4_cidr_block": "10.2.0.0/20",
                "pod_range": "gke-pods"
              }
            ],
            "node_config": [
              {
                "advanced_machine_features": [],
                "boot_disk_kms_key": "",
                "confidential_nodes": [],
                "disk_size_gb": 100,
                "disk_type": "pd-standard",
                "effective_taints": [],
                "ephemeral_storage_local_ssd_config": [],
                "fast_socket": [],
                "gcfs_config": [],
                "guest_accelerator": [],
                "gvnic": [],
                "host_maintenance_policy": [],
                "image_type": "COS_CONTAINERD",
                "kubelet_config": [
                  {
                    "cpu_cfs_quota": false,
                    "cpu_cfs_quota_period": "",
                    "cpu_manager_policy": "",
                    "pod_pids_limit": 0
                  }
                ],
                "labels": {
                  "environment": "dev"
                },
                "linux_node_config": [],
                "local_nvme_ssd_block_config": [],
                "local_ssd_count": 0,
                "logging_variant": "DEFAULT",
                "machine_type": "e2-medium",
                "metadata": {
                  "disable-legacy-endpoints": "true"
                },
                "min_cpu_platform": "",
                "node_group": "",
                "oauth_scopes": [
                  "https://www.googleapis.com/auth/cloud-platform"
                ],
                "preemptible": false,
                "reservation_affinity": [],
                "resource_labels": {},
                "service_account": "dev-cluster-sa@dspl-24-poc.iam.gserviceaccount.com",
                "shielded_instance_config": [
                  {
                    "enable_integrity_monitoring": true,
                    "enable_secure_boot": false
                  }
                ],
                "sole_tenant_config": [],
                "spot": false,
                "tags": [],
                "taint": [],
                "workload_metadata_config": [
                  {
                    "mode": "GKE_METADATA"
                  }
                ]
              }
            ],
            "node_count": 1,
            "node_locations": [
              "us-central1-a",
              "us-central1-b",
              "us-central1-c"
            ],
            "operation": null,
            "placement_policy": [],
            "project": "dspl-24-poc",
            "timeouts": null,
            "upgrade_settings": [
              {
                "blue_green_settings": [],
                "max_surge": 1,
                "max_unavailable": 0,
                "strategy": "SURGE"
              }
            ],
            "version": "1.30.6-gke.1125000"
          },
          "sensitive_attributes": [],
          "private": "eyJlMmJmYjczMC1lY2FhLTExZTYtOGY4OC0zNDM2M2JjN2M0YzAiOnsiY3JlYXRlIjoxODAwMDAwMDAwMDAwLCJkZWxldGUiOjE4MDAwMDAwMDAwMDAsInVwZGF0ZSI6MTgwMDAwMDAwMDAwMH0sInNjaGVtYV92ZXJzaW9uIjoiMSJ9",
          "dependencies": [
            "module.gke.google_container_cluster.primary",
            "module.gke.google_service_account.gke_sa",
            "module.service-accounts.google_project_iam_member.backend_sa_cloudsql",
            "module.service-accounts.google_project_iam_member.gke_sa_roles",
            "module.service-accounts.google_service_account.backend_sa",
            "module.service-accounts.google_service_account.gke_sa",
            "module.service-accounts.google_service_account_iam_binding.workload_identity_binding",
            "module.vpc.google_compute_firewall.rules",
            "module.vpc.google_compute_global_address.private_ip_address",
            "module.vpc.google_compute_global_address.private_ip_alloc",
            "module.vpc.google_compute_network.vpc",
            "module.vpc.google_compute_router.router",
            "module.vpc.google_compute_router_nat.nat",
            "module.vpc.google_compute_subnetwork.subnets",
            "module.vpc.google_service_networking_connection.private_vpc_connection"
          ]
        }
      ]
    },
    {
      "module": "module.gke",
      "mode": "managed",
      "type": "google_project_iam_member",
      "name": "gke_sa_roles",
      "provider": "provider[\"registry.terraform.io/hashicorp/google\"]",
      "instances": [
        {
          "index_key": "roles/compute.networkUser",
          "schema_version": 0,
          "attributes": {
            "condition": [],
            "etag": "BwYqTnl57ys=",
            "id": "dspl-24-poc/roles/compute.networkUser/serviceAccount:dev-cluster-sa@dspl-24-poc.iam.gserviceaccount.com",
            "member": "serviceAccount:dev-cluster-sa@dspl-24-poc.iam.gserviceaccount.com",
            "project": "dspl-24-poc",
            "role": "roles/compute.networkUser"
          },
          "sensitive_attributes": [],
          "private": "bnVsbA==",
          "dependencies": [
            "module.gke.google_service_account.gke_sa",
            "module.service-accounts.google_project_iam_member.backend_sa_cloudsql",
            "module.service-accounts.google_project_iam_member.gke_sa_roles",
            "module.service-accounts.google_service_account.backend_sa",
            "module.service-accounts.google_service_account.gke_sa",
            "module.service-accounts.google_service_account_iam_binding.workload_identity_binding"
          ]
        },
        {
          "index_key": "roles/container.nodeServiceAccount",
          "schema_version": 0,
          "attributes": {
            "condition": [],
            "etag": "BwYqTnl57ys=",
            "id": "dspl-24-poc/roles/container.nodeServiceAccount/serviceAccount:dev-cluster-sa@dspl-24-poc.iam.gserviceaccount.com",
            "member": "serviceAccount:dev-cluster-sa@dspl-24-poc.iam.gserviceaccount.com",
            "project": "dspl-24-poc",
            "role": "roles/container.nodeServiceAccount"
          },
          "sensitive_attributes": [],
          "private": "bnVsbA==",
          "dependencies": [
            "module.gke.google_service_account.gke_sa",
            "module.service-accounts.google_project_iam_member.backend_sa_cloudsql",
            "module.service-accounts.google_project_iam_member.gke_sa_roles",
            "module.service-accounts.google_service_account.backend_sa",
            "module.service-accounts.google_service_account.gke_sa",
            "module.service-accounts.google_service_account_iam_binding.workload_identity_binding"
          ]
        },
        {
          "index_key": "roles/logging.logWriter",
          "schema_version": 0,
          "attributes": {
            "condition": [],
            "etag": "BwYqTnl57ys=",
            "id": "dspl-24-poc/roles/logging.logWriter/serviceAccount:dev-cluster-sa@dspl-24-poc.iam.gserviceaccount.com",
            "member": "serviceAccount:dev-cluster-sa@dspl-24-poc.iam.gserviceaccount.com",
            "project": "dspl-24-poc",
            "role": "roles/logging.logWriter"
          },
          "sensitive_attributes": [],
          "private": "bnVsbA==",
          "dependencies": [
            "module.gke.google_service_account.gke_sa",
            "module.service-accounts.google_project_iam_member.backend_sa_cloudsql",
            "module.service-accounts.google_project_iam_member.gke_sa_roles",
            "module.service-accounts.google_service_account.backend_sa",
            "module.service-accounts.google_service_account.gke_sa",
            "module.service-accounts.google_service_account_iam_binding.workload_identity_binding"
          ]
        },
        {
          "index_key": "roles/monitoring.metricWriter",
          "schema_version": 0,
          "attributes": {
            "condition": [],
            "etag": "BwYqTnl57ys=",
            "id": "dspl-24-poc/roles/monitoring.metricWriter/serviceAccount:dev-cluster-sa@dspl-24-poc.iam.gserviceaccount.com",
            "member": "serviceAccount:dev-cluster-sa@dspl-24-poc.iam.gserviceaccount.com",
            "project": "dspl-24-poc",
            "role": "roles/monitoring.metricWriter"
          },
          "sensitive_attributes": [],
          "private": "bnVsbA==",
          "dependencies": [
            "module.gke.google_service_account.gke_sa",
            "module.service-accounts.google_project_iam_member.backend_sa_cloudsql",
            "module.service-accounts.google_project_iam_member.gke_sa_roles",
            "module.service-accounts.google_service_account.backend_sa",
            "module.service-accounts.google_service_account.gke_sa",
            "module.service-accounts.google_service_account_iam_binding.workload_identity_binding"
          ]
        },
        {
          "index_key": "roles/monitoring.viewer",
          "schema_version": 0,
          "attributes": {
            "condition": [],
            "etag": "BwYqTnl57ys=",
            "id": "dspl-24-poc/roles/monitoring.viewer/serviceAccount:dev-cluster-sa@dspl-24-poc.iam.gserviceaccount.com",
            "member": "serviceAccount:dev-cluster-sa@dspl-24-poc.iam.gserviceaccount.com",
            "project": "dspl-24-poc",
            "role": "roles/monitoring.viewer"
          },
          "sensitive_attributes": [],
          "private": "bnVsbA==",
          "dependencies": [
            "module.gke.google_service_account.gke_sa",
            "module.service-accounts.google_project_iam_member.backend_sa_cloudsql",
            "module.service-accounts.google_project_iam_member.gke_sa_roles",
            "module.service-accounts.google_service_account.backend_sa",
            "module.service-accounts.google_service_account.gke_sa",
            "module.service-accounts.google_service_account_iam_binding.workload_identity_binding"
          ]
        },
        {
          "index_key": "roles/storage.objectViewer",
          "schema_version": 0,
          "attributes": {
            "condition": [],
            "etag": "BwYqTnl57ys=",
            "id": "dspl-24-poc/roles/storage.objectViewer/serviceAccount:dev-cluster-sa@dspl-24-poc.iam.gserviceaccount.com",
            "member": "serviceAccount:dev-cluster-sa@dspl-24-poc.iam.gserviceaccount.com",
            "project": "dspl-24-poc",
            "role": "roles/storage.objectViewer"
          },
          "sensitive_attributes": [],
          "private": "bnVsbA==",
          "dependencies": [
            "module.gke.google_service_account.gke_sa",
            "module.service-accounts.google_project_iam_member.backend_sa_cloudsql",
            "module.service-accounts.google_project_iam_member.gke_sa_roles",
            "module.service-accounts.google_service_account.backend_sa",
            "module.service-accounts.google_service_account.gke_sa",
            "module.service-accounts.google_service_account_iam_binding.workload_identity_binding"
          ]
        }
      ]
    },
    {
      "module": "module.gke",
      "mode": "managed",
      "type": "google_service_account",
      "name": "gke_sa",
      "provider": "provider[\"registry.terraform.io/hashicorp/google\"]",
      "instances": [
        {
          "schema_version": 0,
          "attributes": {
            "account_id": "dev-cluster-sa",
            "description": "",
            "disabled": false,
            "display_name": "GKE Service Account for dev-cluster",
            "email": "dev-cluster-sa@dspl-24-poc.iam.gserviceaccount.com",
            "id": "projects/dspl-24-poc/serviceAccounts/dev-cluster-sa@dspl-24-poc.iam.gserviceaccount.com",
            "member": "serviceAccount:dev-cluster-sa@dspl-24-poc.iam.gserviceaccount.com",
            "name": "projects/dspl-24-poc/serviceAccounts/dev-cluster-sa@dspl-24-poc.iam.gserviceaccount.com",
            "project": "dspl-24-poc",
            "timeouts": null,
            "unique_id": "118319698621813314545"
          },
          "sensitive_attributes": [],
          "private": "eyJlMmJmYjczMC1lY2FhLTExZTYtOGY4OC0zNDM2M2JjN2M0YzAiOnsiY3JlYXRlIjozMDAwMDAwMDAwMDB9fQ==",
          "dependencies": [
            "module.service-accounts.google_project_iam_member.backend_sa_cloudsql",
            "module.service-accounts.google_project_iam_member.gke_sa_roles",
            "module.service-accounts.google_service_account.backend_sa",
            "module.service-accounts.google_service_account.gke_sa",
            "module.service-accounts.google_service_account_iam_binding.workload_identity_binding"
          ]
        }
      ]
    },
    {
      "module": "module.service-accounts",
      "mode": "managed",
      "type": "google_project_iam_member",
      "name": "backend_sa_cloudsql",
      "provider": "provider[\"registry.terraform.io/hashicorp/google\"]",
      "instances": [
        {
          "schema_version": 0,
          "attributes": {
            "condition": [],
            "etag": "BwYqT6YeAD4=",
            "id": "dspl-24-poc/roles/cloudsql.client/serviceAccount:backend-sa@dspl-24-poc.iam.gserviceaccount.com",
            "member": "serviceAccount:backend-sa@dspl-24-poc.iam.gserviceaccount.com",
            "project": "dspl-24-poc",
            "role": "roles/cloudsql.client"
          },
          "sensitive_attributes": [],
          "private": "bnVsbA==",
          "dependencies": [
            "module.service-accounts.google_service_account.backend_sa"
          ]
        }
      ]
    },
    {
      "module": "module.service-accounts",
      "mode": "managed",
      "type": "google_project_iam_member",
      "name": "gke_sa_roles",
      "provider": "provider[\"registry.terraform.io/hashicorp/google\"]",
      "instances": [
        {
          "index_key": "roles/logging.logWriter",
          "schema_version": 0,
          "attributes": {
            "condition": [],
            "etag": "BwYqT6YeAD4=",
            "id": "dspl-24-poc/roles/logging.logWriter/serviceAccount:gke-node-sa@dspl-24-poc.iam.gserviceaccount.com",
            "member": "serviceAccount:gke-node-sa@dspl-24-poc.iam.gserviceaccount.com",
            "project": "dspl-24-poc",
            "role": "roles/logging.logWriter"
          },
          "sensitive_attributes": [],
          "private": "bnVsbA==",
          "dependencies": [
            "module.service-accounts.google_service_account.gke_sa"
          ]
        },
        {
          "index_key": "roles/monitoring.metricWriter",
          "schema_version": 0,
          "attributes": {
            "condition": [],
            "etag": "BwYqT6YeAD4=",
            "id": "dspl-24-poc/roles/monitoring.metricWriter/serviceAccount:gke-node-sa@dspl-24-poc.iam.gserviceaccount.com",
            "member": "serviceAccount:gke-node-sa@dspl-24-poc.iam.gserviceaccount.com",
            "project": "dspl-24-poc",
            "role": "roles/monitoring.metricWriter"
          },
          "sensitive_attributes": [],
          "private": "bnVsbA==",
          "dependencies": [
            "module.service-accounts.google_service_account.gke_sa"
          ]
        },
        {
          "index_key": "roles/monitoring.viewer",
          "schema_version": 0,
          "attributes": {
            "condition": [],
            "etag": "BwYqT6YeAD4=",
            "id": "dspl-24-poc/roles/monitoring.viewer/serviceAccount:gke-node-sa@dspl-24-poc.iam.gserviceaccount.com",
            "member": "serviceAccount:gke-node-sa@dspl-24-poc.iam.gserviceaccount.com",
            "project": "dspl-24-poc",
            "role": "roles/monitoring.viewer"
          },
          "sensitive_attributes": [],
          "private": "bnVsbA==",
          "dependencies": [
            "module.service-accounts.google_service_account.gke_sa"
          ]
        }
      ]
    },
    {
      "module": "module.service-accounts",
      "mode": "managed",
      "type": "google_service_account",
      "name": "backend_sa",
      "provider": "provider[\"registry.terraform.io/hashicorp/google\"]",
      "instances": [
        {
          "schema_version": 0,
          "attributes": {
            "account_id": "backend-sa",
            "description": "",
            "disabled": false,
            "display_name": "Backend Application Service Account",
            "email": "backend-sa@dspl-24-poc.iam.gserviceaccount.com",
            "id": "projects/dspl-24-poc/serviceAccounts/backend-sa@dspl-24-poc.iam.gserviceaccount.com",
            "member": "serviceAccount:backend-sa@dspl-24-poc.iam.gserviceaccount.com",
            "name": "projects/dspl-24-poc/serviceAccounts/backend-sa@dspl-24-poc.iam.gserviceaccount.com",
            "project": "dspl-24-poc",
            "timeouts": {
              "create": null
            },
            "unique_id": "100628460619503613665"
          },
          "sensitive_attributes": [],
          "private": "eyJlMmJmYjczMC1lY2FhLTExZTYtOGY4OC0zNDM2M2JjN2M0YzAiOnsiY3JlYXRlIjozMDAwMDAwMDAwMDB9LCJzY2hlbWFfdmVyc2lvbiI6IjAifQ=="
        }
      ]
    },
    {
      "module": "module.service-accounts",
      "mode": "managed",
      "type": "google_service_account",
      "name": "gke_sa",
      "provider": "provider[\"registry.terraform.io/hashicorp/google\"]",
      "instances": [
        {
          "schema_version": 0,
          "attributes": {
            "account_id": "gke-node-sa",
            "description": "",
            "disabled": false,
            "display_name": "GKE Node Service Account",
            "email": "gke-node-sa@dspl-24-poc.iam.gserviceaccount.com",
            "id": "projects/dspl-24-poc/serviceAccounts/gke-node-sa@dspl-24-poc.iam.gserviceaccount.com",
            "member": "serviceAccount:gke-node-sa@dspl-24-poc.iam.gserviceaccount.com",
            "name": "projects/dspl-24-poc/serviceAccounts/gke-node-sa@dspl-24-poc.iam.gserviceaccount.com",
            "project": "dspl-24-poc",
            "timeouts": {
              "create": null
            },
            "unique_id": "117050579116608114141"
          },
          "sensitive_attributes": [],
          "private": "eyJlMmJmYjczMC1lY2FhLTExZTYtOGY4OC0zNDM2M2JjN2M0YzAiOnsiY3JlYXRlIjozMDAwMDAwMDAwMDB9LCJzY2hlbWFfdmVyc2lvbiI6IjAifQ=="
        }
      ]
    },
    {
      "module": "module.service-accounts",
      "mode": "managed",
      "type": "google_service_account_iam_binding",
      "name": "workload_identity_binding",
      "provider": "provider[\"registry.terraform.io/hashicorp/google\"]",
      "instances": [
        {
          "schema_version": 0,
          "attributes": {
            "condition": [],
            "etag": "BwYqT6XrJd0=",
            "id": "projects/dspl-24-poc/serviceAccounts/backend-sa@dspl-24-poc.iam.gserviceaccount.com/roles/iam.workloadIdentityUser",
            "members": [
              "serviceAccount:dspl-24-poc.svc.id.goog[default/backend-sa]"
            ],
            "role": "roles/iam.workloadIdentityUser",
            "service_account_id": "projects/dspl-24-poc/serviceAccounts/backend-sa@dspl-24-poc.iam.gserviceaccount.com"
          },
          "sensitive_attributes": [],
          "private": "bnVsbA==",
          "dependencies": [
            "module.service-accounts.google_service_account.backend_sa"
          ]
        }
      ]
    },
    {
      "module": "module.vpc",
      "mode": "managed",
      "type": "google_compute_firewall",
      "name": "rules",
      "provider": "provider[\"registry.terraform.io/hashicorp/google\"]",
      "instances": [
        {
          "index_key": "my-vpc-allow-internal",
          "schema_version": 1,
          "attributes": {
            "allow": [
              {
                "ports": [
                  "22",
                  "80",
                  "443"
                ],
                "protocol": "tcp"
              }
            ],
            "creation_timestamp": "2024-12-27T21:26:32.687-08:00",
            "deny": [],
            "description": "",
            "destination_ranges": [],
            "direction": "INGRESS",
            "disabled": false,
            "enable_logging": null,
            "id": "projects/dspl-24-poc/global/firewalls/allow-internal",
            "log_config": [],
            "name": "allow-internal",
            "network": "https://www.googleapis.com/compute/v1/projects/dspl-24-poc/global/networks/my-vpc",
            "priority": 1000,
            "project": "dspl-24-poc",
            "self_link": "https://www.googleapis.com/compute/v1/projects/dspl-24-poc/global/firewalls/allow-internal",
            "source_ranges": [
              "10.0.0.0/16",
              "10.1.0.0/16"
            ],
            "source_service_accounts": [],
            "source_tags": [],
            "target_service_accounts": [],
            "target_tags": [],
            "timeouts": null
          },
          "sensitive_attributes": [],
          "private": "eyJlMmJmYjczMC1lY2FhLTExZTYtOGY4OC0zNDM2M2JjN2M0YzAiOnsiY3JlYXRlIjoxMjAwMDAwMDAwMDAwLCJkZWxldGUiOjEyMDAwMDAwMDAwMDAsInVwZGF0ZSI6MTIwMDAwMDAwMDAwMH0sInNjaGVtYV92ZXJzaW9uIjoiMSJ9",
          "dependencies": [
            "module.vpc.google_compute_network.vpc"
          ]
        }
      ]
    },
    {
      "module": "module.vpc",
      "mode": "managed",
      "type": "google_compute_global_address",
      "name": "private_ip_address",
      "provider": "provider[\"registry.terraform.io/hashicorp/google\"]",
      "instances": [
        {
          "schema_version": 0,
          "attributes": {
            "address": "10.190.0.0",
            "address_type": "INTERNAL",
            "creation_timestamp": "2024-12-27T21:31:24.065-08:00",
            "description": "",
            "id": "projects/dspl-24-poc/global/addresses/my-instance-private-ip",
            "ip_version": "",
            "name": "my-instance-private-ip",
            "network": "https://www.googleapis.com/compute/v1/projects/dspl-24-poc/global/networks/my-vpc",
            "prefix_length": 16,
            "project": "dspl-24-poc",
            "purpose": "VPC_PEERING",
            "self_link": "https://www.googleapis.com/compute/v1/projects/dspl-24-poc/global/addresses/my-instance-private-ip",
            "timeouts": null
          },
          "sensitive_attributes": [],
          "private": "eyJlMmJmYjczMC1lY2FhLTExZTYtOGY4OC0zNDM2M2JjN2M0YzAiOnsiY3JlYXRlIjoxMjAwMDAwMDAwMDAwLCJkZWxldGUiOjEyMDAwMDAwMDAwMDB9fQ=="
        }
      ]
    },
    {
      "module": "module.vpc",
      "mode": "managed",
      "type": "google_compute_global_address",
      "name": "private_ip_alloc",
      "provider": "provider[\"registry.terraform.io/hashicorp/google\"]",
      "instances": [
        {
          "schema_version": 0,
          "attributes": {
            "address": "10.79.0.0",
            "address_type": "INTERNAL",
            "creation_timestamp": "2024-12-27T21:26:36.273-08:00",
            "description": "",
            "id": "projects/dspl-24-poc/global/addresses/my-vpc-private-ip-alloc",
            "ip_version": "",
            "name": "my-vpc-private-ip-alloc",
            "network": "https://www.googleapis.com/compute/v1/projects/dspl-24-poc/global/networks/my-vpc",
            "prefix_length": 16,
            "project": "dspl-24-poc",
            "purpose": "VPC_PEERING",
            "self_link": "https://www.googleapis.com/compute/v1/projects/dspl-24-poc/global/addresses/my-vpc-private-ip-alloc",
            "timeouts": null
          },
          "sensitive_attributes": [],
          "private": "eyJlMmJmYjczMC1lY2FhLTExZTYtOGY4OC0zNDM2M2JjN2M0YzAiOnsiY3JlYXRlIjoxMjAwMDAwMDAwMDAwLCJkZWxldGUiOjEyMDAwMDAwMDAwMDB9fQ==",
          "dependencies": [
            "module.vpc.google_compute_network.vpc"
          ]
        }
      ]
    },
    {
      "module": "module.vpc",
      "mode": "managed",
      "type": "google_compute_network",
      "name": "vpc",
      "provider": "provider[\"registry.terraform.io/hashicorp/google\"]",
      "instances": [
        {
          "index_key": "my-vpc",
          "schema_version": 0,
          "attributes": {
            "auto_create_subnetworks": false,
            "delete_default_routes_on_create": false,
            "description": "",
            "enable_ula_internal_ipv6": false,
            "gateway_ipv4": "",
            "id": "projects/dspl-24-poc/global/networks/my-vpc",
            "internal_ipv6_range": "",
            "mtu": 0,
            "name": "my-vpc",
            "network_firewall_policy_enforcement_order": "AFTER_CLASSIC_FIREWALL",
            "numeric_id": "8617630726084506899",
            "project": "dspl-24-poc",
            "routing_mode": "REGIONAL",
            "self_link": "https://www.googleapis.com/compute/v1/projects/dspl-24-poc/global/networks/my-vpc",
            "timeouts": null
          },
          "sensitive_attributes": [],
          "private": "eyJlMmJmYjczMC1lY2FhLTExZTYtOGY4OC0zNDM2M2JjN2M0YzAiOnsiY3JlYXRlIjoxMjAwMDAwMDAwMDAwLCJkZWxldGUiOjEyMDAwMDAwMDAwMDAsInVwZGF0ZSI6MTIwMDAwMDAwMDAwMH19",
          "create_before_destroy": true
        }
      ]
    },
    {
      "module": "module.vpc",
      "mode": "managed",
      "type": "google_compute_router",
      "name": "router",
      "provider": "provider[\"registry.terraform.io/hashicorp/google\"]",
      "instances": [
        {
          "index_key": "my-vpc",
          "schema_version": 0,
          "attributes": {
            "bgp": [],
            "creation_timestamp": "2024-12-27T21:26:34.733-08:00",
            "description": "",
            "encrypted_interconnect_router": false,
            "id": "projects/dspl-24-poc/regions/us-central1/routers/my-vpc-router",
            "name": "my-vpc-router",
            "network": "https://www.googleapis.com/compute/v1/projects/dspl-24-poc/global/networks/my-vpc",
            "project": "dspl-24-poc",
            "region": "us-central1",
            "self_link": "https://www.googleapis.com/compute/v1/projects/dspl-24-poc/regions/us-central1/routers/my-vpc-router",
            "timeouts": null
          },
          "sensitive_attributes": [],
          "private": "eyJlMmJmYjczMC1lY2FhLTExZTYtOGY4OC0zNDM2M2JjN2M0YzAiOnsiY3JlYXRlIjoxMjAwMDAwMDAwMDAwLCJkZWxldGUiOjEyMDAwMDAwMDAwMDAsInVwZGF0ZSI6MTIwMDAwMDAwMDAwMH19",
          "dependencies": [
            "module.vpc.google_compute_network.vpc"
          ]
        }
      ]
    },
    {
      "module": "module.vpc",
      "mode": "managed",
      "type": "google_compute_router_nat",
      "name": "nat",
      "provider": "provider[\"registry.terraform.io/hashicorp/google\"]",
      "instances": [
        {
          "index_key": "my-vpc",
          "schema_version": 0,
          "attributes": {
            "drain_nat_ips": [],
            "enable_dynamic_port_allocation": false,
            "enable_endpoint_independent_mapping": false,
            "icmp_idle_timeout_sec": 30,
            "id": "dspl-24-poc/us-central1/my-vpc-router/my-vpc-nat",
            "log_config": [],
            "max_ports_per_vm": 0,
            "min_ports_per_vm": 0,
            "name": "my-vpc-nat",
            "nat_ip_allocate_option": "AUTO_ONLY",
            "nat_ips": [],
            "project": "dspl-24-poc",
            "region": "us-central1",
            "router": "my-vpc-router",
            "rules": [],
            "source_subnetwork_ip_ranges_to_nat": "ALL_SUBNETWORKS_ALL_IP_RANGES",
            "subnetwork": [],
            "tcp_established_idle_timeout_sec": 1200,
            "tcp_time_wait_timeout_sec": 120,
            "tcp_transitory_idle_timeout_sec": 30,
            "timeouts": null,
            "udp_idle_timeout_sec": 30
          },
          "sensitive_attributes": [],
          "private": "eyJlMmJmYjczMC1lY2FhLTExZTYtOGY4OC0zNDM2M2JjN2M0YzAiOnsiY3JlYXRlIjoxMjAwMDAwMDAwMDAwLCJkZWxldGUiOjEyMDAwMDAwMDAwMDAsInVwZGF0ZSI6MTIwMDAwMDAwMDAwMH19",
          "dependencies": [
            "module.vpc.google_compute_network.vpc",
            "module.vpc.google_compute_router.router"
          ]
        }
      ]
    },
    {
      "module": "module.vpc",
      "mode": "managed",
      "type": "google_compute_subnetwork",
      "name": "subnets",
      "provider": "provider[\"registry.terraform.io/hashicorp/google\"]",
      "instances": [
        {
          "index_key": "my-vpc-gke-subnet",
          "schema_version": 0,
          "attributes": {
            "creation_timestamp": "2024-12-27T21:26:34.157-08:00",
            "description": "",
            "external_ipv6_prefix": "",
            "fingerprint": null,
            "gateway_address": "10.0.0.1",
            "id": "projects/dspl-24-poc/regions/us-central1/subnetworks/gke-subnet",
            "internal_ipv6_prefix": "",
            "ip_cidr_range": "10.0.0.0/16",
            "ipv6_access_type": "",
            "ipv6_cidr_range": "",
            "log_config": [
              {
                "aggregation_interval": "INTERVAL_10_MIN",
                "filter_expr": "true",
                "flow_sampling": 0.5,
                "metadata": "INCLUDE_ALL_METADATA",
                "metadata_fields": []
              }
            ],
            "name": "gke-subnet",
            "network": "https://www.googleapis.com/compute/v1/projects/dspl-24-poc/global/networks/my-vpc",
            "private_ip_google_access": true,
            "private_ipv6_google_access": "DISABLE_GOOGLE_ACCESS",
            "project": "dspl-24-poc",
            "purpose": "PRIVATE",
            "region": "us-central1",
            "role": "",
            "secondary_ip_range": [
              {
                "ip_cidr_range": "10.2.0.0/20",
                "range_name": "gke-pods"
              },
              {
                "ip_cidr_range": "10.3.0.0/20",
                "range_name": "gke-services"
              }
            ],
            "self_link": "https://www.googleapis.com/compute/v1/projects/dspl-24-poc/regions/us-central1/subnetworks/gke-subnet",
            "stack_type": "IPV4_ONLY",
            "timeouts": null
          },
          "sensitive_attributes": [],
          "private": "eyJlMmJmYjczMC1lY2FhLTExZTYtOGY4OC0zNDM2M2JjN2M0YzAiOnsiY3JlYXRlIjoxMjAwMDAwMDAwMDAwLCJkZWxldGUiOjEyMDAwMDAwMDAwMDAsInVwZGF0ZSI6MTIwMDAwMDAwMDAwMH19",
          "dependencies": [
            "module.vpc.google_compute_network.vpc"
          ]
        },
        {
          "index_key": "my-vpc-sql-subnet",
          "schema_version": 0,
          "attributes": {
            "creation_timestamp": "2024-12-27T21:26:34.936-08:00",
            "description": "",
            "external_ipv6_prefix": "",
            "fingerprint": null,
            "gateway_address": "10.1.0.1",
            "id": "projects/dspl-24-poc/regions/us-central1/subnetworks/sql-subnet",
            "internal_ipv6_prefix": "",
            "ip_cidr_range": "10.1.0.0/16",
            "ipv6_access_type": "",
            "ipv6_cidr_range": "",
            "log_config": [
              {
                "aggregation_interval": "INTERVAL_10_MIN",
                "filter_expr": "true",
                "flow_sampling": 0.5,
                "metadata": "INCLUDE_ALL_METADATA",
                "metadata_fields": []
              }
            ],
            "name": "sql-subnet",
            "network": "https://www.googleapis.com/compute/v1/projects/dspl-24-poc/global/networks/my-vpc",
            "private_ip_google_access": true,
            "private_ipv6_google_access": "DISABLE_GOOGLE_ACCESS",
            "project": "dspl-24-poc",
            "purpose": "PRIVATE",
            "region": "us-central1",
            "role": "",
            "secondary_ip_range": [],
            "self_link": "https://www.googleapis.com/compute/v1/projects/dspl-24-poc/regions/us-central1/subnetworks/sql-subnet",
            "stack_type": "IPV4_ONLY",
            "timeouts": null
          },
          "sensitive_attributes": [],
          "private": "eyJlMmJmYjczMC1lY2FhLTExZTYtOGY4OC0zNDM2M2JjN2M0YzAiOnsiY3JlYXRlIjoxMjAwMDAwMDAwMDAwLCJkZWxldGUiOjEyMDAwMDAwMDAwMDAsInVwZGF0ZSI6MTIwMDAwMDAwMDAwMH19",
          "dependencies": [
            "module.vpc.google_compute_network.vpc"
          ]
        }
      ]
    },
    {
      "module": "module.vpc",
      "mode": "managed",
      "type": "google_service_networking_connection",
      "name": "private_vpc_connection",
      "provider": "provider[\"registry.terraform.io/hashicorp/google\"]",
      "instances": [
        {
          "schema_version": 0,
          "attributes": {
            "id": "projects%2Fdspl-24-poc%2Fglobal%2Fnetworks%2Fmy-vpc:servicenetworking.googleapis.com",
            "network": "projects/dspl-24-poc/global/networks/my-vpc",
            "peering": "servicenetworking-googleapis-com",
            "reserved_peering_ranges": [
              "my-instance-private-ip"
            ],
            "service": "servicenetworking.googleapis.com",
            "timeouts": {
              "create": "30m",
              "delete": null,
              "update": "40m"
            }
          },
          "sensitive_attributes": [],
          "private": "eyJlMmJmYjczMC1lY2FhLTExZTYtOGY4OC0zNDM2M2JjN2M0YzAiOnsiY3JlYXRlIjoxODAwMDAwMDAwMDAwLCJkZWxldGUiOjYwMDAwMDAwMDAwMCwidXBkYXRlIjoyNDAwMDAwMDAwMDAwfX0=",
          "dependencies": [
            "module.vpc.google_compute_network.vpc"
          ],
          "create_before_destroy": true
        }
      ]
    }
  ],
  "check_results": null
}
